// !$*UTF8*$!
{
	archiveVersion = 1;
	classes = {
	};
	objectVersion = 46;
	objects = {

/* Begin PBXBuildFile section */
		08CD71E42386878600032548 /* BUAdSDK.framework in Frameworks */ = {isa = PBXBuildFile; fileRef = 08CD71D42386878600032548 /* BUAdSDK.framework */; };
		08CD71E52386878600032548 /* libMSAdSDK.a in Frameworks */ = {isa = PBXBuildFile; fileRef = 08CD71E22386878600032548 /* libMSAdSDK.a */; };
		08CD71E62386878600032548 /* BUAdSDK.bundle in Resources */ = {isa = PBXBuildFile; fileRef = 08CD71E32386878600032548 /* BUAdSDK.bundle */; };
		08CD71FC238688B100032548 /* NativeExpressAdViewController.xib in Resources */ = {isa = PBXBuildFile; fileRef = 08CD71EA238688B000032548 /* NativeExpressAdViewController.xib */; };
		08CD71FD238688B100032548 /* NativeExpressAdViewController.m in Sources */ = {isa = PBXBuildFile; fileRef = 08CD71EB238688B000032548 /* NativeExpressAdViewController.m */; };
		08CD71FE238688B100032548 /* SplashViewController.m in Sources */ = {isa = PBXBuildFile; fileRef = 08CD71EE238688B000032548 /* SplashViewController.m */; };
		08CD71FF238688B100032548 /* SplashViewController.xib in Resources */ = {isa = PBXBuildFile; fileRef = 08CD71EF238688B000032548 /* SplashViewController.xib */; };
		08CD7200238688B100032548 /* RewardVideoViewController.m in Sources */ = {isa = PBXBuildFile; fileRef = 08CD71F1238688B000032548 /* RewardVideoViewController.m */; };
		08CD7201238688B100032548 /* RewardVideoViewController.xib in Resources */ = {isa = PBXBuildFile; fileRef = 08CD71F2238688B000032548 /* RewardVideoViewController.xib */; };
		08CD7202238688B100032548 /* InterstitialViewController.xib in Resources */ = {isa = PBXBuildFile; fileRef = 08CD71F6238688B000032548 /* InterstitialViewController.xib */; };
		08CD7203238688B100032548 /* InterstitialViewController.m in Sources */ = {isa = PBXBuildFile; fileRef = 08CD71F7238688B000032548 /* InterstitialViewController.m */; };
		08CD7204238688B100032548 /* BannerViewController.xib in Resources */ = {isa = PBXBuildFile; fileRef = 08CD71F9238688B000032548 /* BannerViewController.xib */; };
		08CD7205238688B100032548 /* BannerViewController.m in Sources */ = {isa = PBXBuildFile; fileRef = 08CD71FA238688B000032548 /* BannerViewController.m */; };
		2F2520BE231F5BEA003212B0 /* libc++.tbd in Frameworks */ = {isa = PBXBuildFile; fileRef = 2F2520BD231F5BEA003212B0 /* libc++.tbd */; };
		2F2520C0231F5BF6003212B0 /* libresolv.9.tbd in Frameworks */ = {isa = PBXBuildFile; fileRef = 2F2520BF231F5BF6003212B0 /* libresolv.9.tbd */; };
		2F2520C2231F5BFF003212B0 /* CoreMotion.framework in Frameworks */ = {isa = PBXBuildFile; fileRef = 2F2520C1231F5BFF003212B0 /* CoreMotion.framework */; };
		2F2520C4231F5C08003212B0 /* Photos.framework in Frameworks */ = {isa = PBXBuildFile; fileRef = 2F2520C3231F5C08003212B0 /* Photos.framework */; };
		2F2520C6231F5C10003212B0 /* Foundation.framework in Frameworks */ = {isa = PBXBuildFile; fileRef = 2F2520C5231F5C0F003212B0 /* Foundation.framework */; };
		2F2520C8231F5C16003212B0 /* UIKit.framework in Frameworks */ = {isa = PBXBuildFile; fileRef = 2F2520C7231F5C16003212B0 /* UIKit.framework */; };
		2F2520CA231F5C22003212B0 /* CoreGraphics.framework in Frameworks */ = {isa = PBXBuildFile; fileRef = 2F2520C9231F5C22003212B0 /* CoreGraphics.framework */; };
		2F2520CC231F5C2A003212B0 /* SystemConfiguration.framework in Frameworks */ = {isa = PBXBuildFile; fileRef = 2F2520CB231F5C2A003212B0 /* SystemConfiguration.framework */; };
		2F2520CE231F5C32003212B0 /* QuartzCore.framework in Frameworks */ = {isa = PBXBuildFile; fileRef = 2F2520CD231F5C32003212B0 /* QuartzCore.framework */; };
		2F2520D0231F5C39003212B0 /* CoreLocation.framework in Frameworks */ = {isa = PBXBuildFile; fileRef = 2F2520CF231F5C39003212B0 /* CoreLocation.framework */; };
		2F2520D2231F5C3F003212B0 /* AdSupport.framework in Frameworks */ = {isa = PBXBuildFile; fileRef = 2F2520D1231F5C3F003212B0 /* AdSupport.framework */; };
		2F2520D4231F5C47003212B0 /* Security.framework in Frameworks */ = {isa = PBXBuildFile; fileRef = 2F2520D3231F5C47003212B0 /* Security.framework */; };
		2F2520D6231F5C4F003212B0 /* libz.tbd in Frameworks */ = {isa = PBXBuildFile; fileRef = 2F2520D5231F5C4F003212B0 /* libz.tbd */; };
		2F2520D8231F5C55003212B0 /* AVFoundation.framework in Frameworks */ = {isa = PBXBuildFile; fileRef = 2F2520D7231F5C54003212B0 /* AVFoundation.framework */; };
		2F2520DA231F5C5B003212B0 /* WebKit.framework in Frameworks */ = {isa = PBXBuildFile; fileRef = 2F2520D9231F5C5B003212B0 /* WebKit.framework */; };
		2F2520DC231F5C63003212B0 /* libxml2.tbd in Frameworks */ = {isa = PBXBuildFile; fileRef = 2F2520DB231F5C63003212B0 /* libxml2.tbd */; };
		548F3EC5231F47A4003CE914 /* main.m in Sources */ = {isa = PBXBuildFile; fileRef = 548F3EC4231F47A4003CE914 /* main.m */; };
		548F3ECB231F47A4003CE914 /* ViewController.m in Sources */ = {isa = PBXBuildFile; fileRef = 548F3ECA231F47A4003CE914 /* ViewController.m */; };
		548F3ECE231F47A4003CE914 /* Main.storyboard in Resources */ = {isa = PBXBuildFile; fileRef = 548F3ECC231F47A4003CE914 /* Main.storyboard */; };
		548F3ED0231F47A4003CE914 /* Assets.xcassets in Resources */ = {isa = PBXBuildFile; fileRef = 548F3ECF231F47A4003CE914 /* Assets.xcassets */; };
		548F3ED3231F47A4003CE914 /* LaunchScreen.storyboard in Resources */ = {isa = PBXBuildFile; fileRef = 548F3ED1231F47A4003CE914 /* LaunchScreen.storyboard */; };
		548F3EDE231F47A5003CE914 /* DemoTests.m in Sources */ = {isa = PBXBuildFile; fileRef = 548F3EDD231F47A5003CE914 /* DemoTests.m */; };
		548F3EE9231F47A5003CE914 /* DemoUITests.m in Sources */ = {isa = PBXBuildFile; fileRef = 548F3EE8231F47A5003CE914 /* DemoUITests.m */; };
		548F3FDF231F4AAA003CE914 /* MSAdViewController.m in Sources */ = {isa = PBXBuildFile; fileRef = 548F3FCE231F4AAA003CE914 /* MSAdViewController.m */; };
		548F3FE0231F4AAA003CE914 /* MSNavigationController.m in Sources */ = {isa = PBXBuildFile; fileRef = 548F3FD0231F4AAA003CE914 /* MSNavigationController.m */; };
		548F3FE1231F4AAA003CE914 /* MSAdViewController+Sample.m in Sources */ = {isa = PBXBuildFile; fileRef = 548F3FD3231F4AAA003CE914 /* MSAdViewController+Sample.m */; };
		548F3FE4231F4AFD003CE914 /* AppDelegate.m in Sources */ = {isa = PBXBuildFile; fileRef = 548F3FE3231F4AFD003CE914 /* AppDelegate.m */; };
/* End PBXBuildFile section */

/* Begin PBXContainerItemProxy section */
		548F3EDA231F47A5003CE914 /* PBXContainerItemProxy */ = {
			isa = PBXContainerItemProxy;
			containerPortal = 548F3EB8231F47A4003CE914 /* Project object */;
			proxyType = 1;
			remoteGlobalIDString = 548F3EBF231F47A4003CE914;
			remoteInfo = Demo;
		};
		548F3EE5231F47A5003CE914 /* PBXContainerItemProxy */ = {
			isa = PBXContainerItemProxy;
			containerPortal = 548F3EB8231F47A4003CE914 /* Project object */;
			proxyType = 1;
			remoteGlobalIDString = 548F3EBF231F47A4003CE914;
			remoteInfo = Demo;
		};
/* End PBXContainerItemProxy section */

/* Begin PBXFileReference section */
		08CD71D42386878600032548 /* BUAdSDK.framework */ = {isa = PBXFileReference; lastKnownFileType = wrapper.framework; path = BUAdSDK.framework; sourceTree = "<group>"; };
		08CD71D82386878600032548 /* MSAdModel.h */ = {isa = PBXFileReference; fileEncoding = 4; lastKnownFileType = sourcecode.c.h; path = MSAdModel.h; sourceTree = "<group>"; };
		08CD71D92386878600032548 /* MSRewardVideoAd.h */ = {isa = PBXFileReference; fileEncoding = 4; lastKnownFileType = sourcecode.c.h; path = MSRewardVideoAd.h; sourceTree = "<group>"; };
		08CD71DA2386878600032548 /* MRApplication.h */ = {isa = PBXFileReference; fileEncoding = 4; lastKnownFileType = sourcecode.c.h; path = MRApplication.h; sourceTree = "<group>"; };
		08CD71DB2386878600032548 /* MSSDKDefines.h */ = {isa = PBXFileReference; fileEncoding = 4; lastKnownFileType = sourcecode.c.h; path = MSSDKDefines.h; sourceTree = "<group>"; };
		08CD71DC2386878600032548 /* MSSplashAd.h */ = {isa = PBXFileReference; fileEncoding = 4; lastKnownFileType = sourcecode.c.h; path = MSSplashAd.h; sourceTree = "<group>"; };
		08CD71DD2386878600032548 /* MSNativeAdView.h */ = {isa = PBXFileReference; fileEncoding = 4; lastKnownFileType = sourcecode.c.h; path = MSNativeAdView.h; sourceTree = "<group>"; };
		08CD71DE2386878600032548 /* MSInterstitial.h */ = {isa = PBXFileReference; fileEncoding = 4; lastKnownFileType = sourcecode.c.h; path = MSInterstitial.h; sourceTree = "<group>"; };
		08CD71DF2386878600032548 /* MSBannerView.h */ = {isa = PBXFileReference; fileEncoding = 4; lastKnownFileType = sourcecode.c.h; path = MSBannerView.h; sourceTree = "<group>"; };
		08CD71E02386878600032548 /* MSSDKModel.h */ = {isa = PBXFileReference; fileEncoding = 4; lastKnownFileType = sourcecode.c.h; path = MSSDKModel.h; sourceTree = "<group>"; };
		08CD71E12386878600032548 /* MSAdSDK.h */ = {isa = PBXFileReference; fileEncoding = 4; lastKnownFileType = sourcecode.c.h; path = MSAdSDK.h; sourceTree = "<group>"; };
		08CD71E22386878600032548 /* libMSAdSDK.a */ = {isa = PBXFileReference; lastKnownFileType = archive.ar; path = libMSAdSDK.a; sourceTree = "<group>"; };
		08CD71E32386878600032548 /* BUAdSDK.bundle */ = {isa = PBXFileReference; lastKnownFileType = "wrapper.plug-in"; path = BUAdSDK.bundle; sourceTree = "<group>"; };
		08CD71E9238688B000032548 /* NativeExpressAdViewController.h */ = {isa = PBXFileReference; fileEncoding = 4; lastKnownFileType = sourcecode.c.h; path = NativeExpressAdViewController.h; sourceTree = "<group>"; };
		08CD71EA238688B000032548 /* NativeExpressAdViewController.xib */ = {isa = PBXFileReference; fileEncoding = 4; lastKnownFileType = file.xib; path = NativeExpressAdViewController.xib; sourceTree = "<group>"; };
		08CD71EB238688B000032548 /* NativeExpressAdViewController.m */ = {isa = PBXFileReference; fileEncoding = 4; lastKnownFileType = sourcecode.c.objc; path = NativeExpressAdViewController.m; sourceTree = "<group>"; };
		08CD71ED238688B000032548 /* SplashViewController.h */ = {isa = PBXFileReference; fileEncoding = 4; lastKnownFileType = sourcecode.c.h; path = SplashViewController.h; sourceTree = "<group>"; };
		08CD71EE238688B000032548 /* SplashViewController.m */ = {isa = PBXFileReference; fileEncoding = 4; lastKnownFileType = sourcecode.c.objc; path = SplashViewController.m; sourceTree = "<group>"; };
		08CD71EF238688B000032548 /* SplashViewController.xib */ = {isa = PBXFileReference; fileEncoding = 4; lastKnownFileType = file.xib; path = SplashViewController.xib; sourceTree = "<group>"; };
		08CD71F1238688B000032548 /* RewardVideoViewController.m */ = {isa = PBXFileReference; fileEncoding = 4; lastKnownFileType = sourcecode.c.objc; path = RewardVideoViewController.m; sourceTree = "<group>"; };
		08CD71F2238688B000032548 /* RewardVideoViewController.xib */ = {isa = PBXFileReference; fileEncoding = 4; lastKnownFileType = file.xib; path = RewardVideoViewController.xib; sourceTree = "<group>"; };
		08CD71F3238688B000032548 /* RewardVideoViewController.h */ = {isa = PBXFileReference; fileEncoding = 4; lastKnownFileType = sourcecode.c.h; path = RewardVideoViewController.h; sourceTree = "<group>"; };
		08CD71F5238688B000032548 /* InterstitialViewController.h */ = {isa = PBXFileReference; fileEncoding = 4; lastKnownFileType = sourcecode.c.h; path = InterstitialViewController.h; sourceTree = "<group>"; };
		08CD71F6238688B000032548 /* InterstitialViewController.xib */ = {isa = PBXFileReference; fileEncoding = 4; lastKnownFileType = file.xib; path = InterstitialViewController.xib; sourceTree = "<group>"; };
		08CD71F7238688B000032548 /* InterstitialViewController.m */ = {isa = PBXFileReference; fileEncoding = 4; lastKnownFileType = sourcecode.c.objc; path = InterstitialViewController.m; sourceTree = "<group>"; };
		08CD71F9238688B000032548 /* BannerViewController.xib */ = {isa = PBXFileReference; fileEncoding = 4; lastKnownFileType = file.xib; path = BannerViewController.xib; sourceTree = "<group>"; };
		08CD71FA238688B000032548 /* BannerViewController.m */ = {isa = PBXFileReference; fileEncoding = 4; lastKnownFileType = sourcecode.c.objc; path = BannerViewController.m; sourceTree = "<group>"; };
		08CD71FB238688B000032548 /* BannerViewController.h */ = {isa = PBXFileReference; fileEncoding = 4; lastKnownFileType = sourcecode.c.h; path = BannerViewController.h; sourceTree = "<group>"; };
		2F2520BD231F5BEA003212B0 /* libc++.tbd */ = {isa = PBXFileReference; lastKnownFileType = "sourcecode.text-based-dylib-definition"; name = "libc++.tbd"; path = "usr/lib/libc++.tbd"; sourceTree = SDKROOT; };
		2F2520BF231F5BF6003212B0 /* libresolv.9.tbd */ = {isa = PBXFileReference; lastKnownFileType = "sourcecode.text-based-dylib-definition"; name = libresolv.9.tbd; path = usr/lib/libresolv.9.tbd; sourceTree = SDKROOT; };
		2F2520C1231F5BFF003212B0 /* CoreMotion.framework */ = {isa = PBXFileReference; lastKnownFileType = wrapper.framework; name = CoreMotion.framework; path = System/Library/Frameworks/CoreMotion.framework; sourceTree = SDKROOT; };
		2F2520C3231F5C08003212B0 /* Photos.framework */ = {isa = PBXFileReference; lastKnownFileType = wrapper.framework; name = Photos.framework; path = System/Library/Frameworks/Photos.framework; sourceTree = SDKROOT; };
		2F2520C5231F5C0F003212B0 /* Foundation.framework */ = {isa = PBXFileReference; lastKnownFileType = wrapper.framework; name = Foundation.framework; path = System/Library/Frameworks/Foundation.framework; sourceTree = SDKROOT; };
		2F2520C7231F5C16003212B0 /* UIKit.framework */ = {isa = PBXFileReference; lastKnownFileType = wrapper.framework; name = UIKit.framework; path = System/Library/Frameworks/UIKit.framework; sourceTree = SDKROOT; };
		2F2520C9231F5C22003212B0 /* CoreGraphics.framework */ = {isa = PBXFileReference; lastKnownFileType = wrapper.framework; name = CoreGraphics.framework; path = System/Library/Frameworks/CoreGraphics.framework; sourceTree = SDKROOT; };
		2F2520CB231F5C2A003212B0 /* SystemConfiguration.framework */ = {isa = PBXFileReference; lastKnownFileType = wrapper.framework; name = SystemConfiguration.framework; path = System/Library/Frameworks/SystemConfiguration.framework; sourceTree = SDKROOT; };
		2F2520CD231F5C32003212B0 /* QuartzCore.framework */ = {isa = PBXFileReference; lastKnownFileType = wrapper.framework; name = QuartzCore.framework; path = System/Library/Frameworks/QuartzCore.framework; sourceTree = SDKROOT; };
		2F2520CF231F5C39003212B0 /* CoreLocation.framework */ = {isa = PBXFileReference; lastKnownFileType = wrapper.framework; name = CoreLocation.framework; path = System/Library/Frameworks/CoreLocation.framework; sourceTree = SDKROOT; };
		2F2520D1231F5C3F003212B0 /* AdSupport.framework */ = {isa = PBXFileReference; lastKnownFileType = wrapper.framework; name = AdSupport.framework; path = System/Library/Frameworks/AdSupport.framework; sourceTree = SDKROOT; };
		2F2520D3231F5C47003212B0 /* Security.framework */ = {isa = PBXFileReference; lastKnownFileType = wrapper.framework; name = Security.framework; path = System/Library/Frameworks/Security.framework; sourceTree = SDKROOT; };
		2F2520D5231F5C4F003212B0 /* libz.tbd */ = {isa = PBXFileReference; lastKnownFileType = "sourcecode.text-based-dylib-definition"; name = libz.tbd; path = usr/lib/libz.tbd; sourceTree = SDKROOT; };
		2F2520D7231F5C54003212B0 /* AVFoundation.framework */ = {isa = PBXFileReference; lastKnownFileType = wrapper.framework; name = AVFoundation.framework; path = System/Library/Frameworks/AVFoundation.framework; sourceTree = SDKROOT; };
		2F2520D9231F5C5B003212B0 /* WebKit.framework */ = {isa = PBXFileReference; lastKnownFileType = wrapper.framework; name = WebKit.framework; path = System/Library/Frameworks/WebKit.framework; sourceTree = SDKROOT; };
		2F2520DB231F5C63003212B0 /* libxml2.tbd */ = {isa = PBXFileReference; lastKnownFileType = "sourcecode.text-based-dylib-definition"; name = libxml2.tbd; path = usr/lib/libxml2.tbd; sourceTree = SDKROOT; };
		548F3EC0231F47A4003CE914 /* Demo.app */ = {isa = PBXFileReference; explicitFileType = wrapper.application; includeInIndex = 0; path = Demo.app; sourceTree = BUILT_PRODUCTS_DIR; };
		548F3EC4231F47A4003CE914 /* main.m */ = {isa = PBXFileReference; lastKnownFileType = sourcecode.c.objc; path = main.m; sourceTree = "<group>"; };
		548F3EC9231F47A4003CE914 /* ViewController.h */ = {isa = PBXFileReference; lastKnownFileType = sourcecode.c.h; path = ViewController.h; sourceTree = "<group>"; };
		548F3ECA231F47A4003CE914 /* ViewController.m */ = {isa = PBXFileReference; lastKnownFileType = sourcecode.c.objc; path = ViewController.m; sourceTree = "<group>"; };
		548F3ECD231F47A4003CE914 /* Base */ = {isa = PBXFileReference; lastKnownFileType = file.storyboard; name = Base; path = Base.lproj/Main.storyboard; sourceTree = "<group>"; };
		548F3ECF231F47A4003CE914 /* Assets.xcassets */ = {isa = PBXFileReference; lastKnownFileType = folder.assetcatalog; path = Assets.xcassets; sourceTree = "<group>"; };
		548F3ED2231F47A4003CE914 /* Base */ = {isa = PBXFileReference; lastKnownFileType = file.storyboard; name = Base; path = Base.lproj/LaunchScreen.storyboard; sourceTree = "<group>"; };
		548F3ED4231F47A4003CE914 /* Info.plist */ = {isa = PBXFileReference; lastKnownFileType = text.plist.xml; path = Info.plist; sourceTree = "<group>"; };
		548F3ED9231F47A5003CE914 /* DemoTests.xctest */ = {isa = PBXFileReference; explicitFileType = wrapper.cfbundle; includeInIndex = 0; path = DemoTests.xctest; sourceTree = BUILT_PRODUCTS_DIR; };
		548F3EDD231F47A5003CE914 /* DemoTests.m */ = {isa = PBXFileReference; lastKnownFileType = sourcecode.c.objc; path = DemoTests.m; sourceTree = "<group>"; };
		548F3EDF231F47A5003CE914 /* Info.plist */ = {isa = PBXFileReference; lastKnownFileType = text.plist.xml; path = Info.plist; sourceTree = "<group>"; };
		548F3EE4231F47A5003CE914 /* DemoUITests.xctest */ = {isa = PBXFileReference; explicitFileType = wrapper.cfbundle; includeInIndex = 0; path = DemoUITests.xctest; sourceTree = BUILT_PRODUCTS_DIR; };
		548F3EE8231F47A5003CE914 /* DemoUITests.m */ = {isa = PBXFileReference; lastKnownFileType = sourcecode.c.objc; path = DemoUITests.m; sourceTree = "<group>"; };
		548F3EEA231F47A5003CE914 /* Info.plist */ = {isa = PBXFileReference; lastKnownFileType = text.plist.xml; path = Info.plist; sourceTree = "<group>"; };
		548F3FCD231F4AAA003CE914 /* MSAdViewController.h */ = {isa = PBXFileReference; fileEncoding = 4; lastKnownFileType = sourcecode.c.h; path = MSAdViewController.h; sourceTree = "<group>"; };
		548F3FCE231F4AAA003CE914 /* MSAdViewController.m */ = {isa = PBXFileReference; fileEncoding = 4; lastKnownFileType = sourcecode.c.objc; path = MSAdViewController.m; sourceTree = "<group>"; };
		548F3FCF231F4AAA003CE914 /* MSNavigationController.h */ = {isa = PBXFileReference; fileEncoding = 4; lastKnownFileType = sourcecode.c.h; path = MSNavigationController.h; sourceTree = "<group>"; };
		548F3FD0231F4AAA003CE914 /* MSNavigationController.m */ = {isa = PBXFileReference; fileEncoding = 4; lastKnownFileType = sourcecode.c.objc; path = MSNavigationController.m; sourceTree = "<group>"; };
		548F3FD2231F4AAA003CE914 /* MSAdViewController+Sample.h */ = {isa = PBXFileReference; fileEncoding = 4; lastKnownFileType = sourcecode.c.h; path = "MSAdViewController+Sample.h"; sourceTree = "<group>"; };
		548F3FD3231F4AAA003CE914 /* MSAdViewController+Sample.m */ = {isa = PBXFileReference; fileEncoding = 4; lastKnownFileType = sourcecode.c.objc; path = "MSAdViewController+Sample.m"; sourceTree = "<group>"; };
		548F3FE2231F4AFD003CE914 /* AppDelegate.h */ = {isa = PBXFileReference; fileEncoding = 4; lastKnownFileType = sourcecode.c.h; path = AppDelegate.h; sourceTree = "<group>"; };
		548F3FE3231F4AFD003CE914 /* AppDelegate.m */ = {isa = PBXFileReference; fileEncoding = 4; lastKnownFileType = sourcecode.c.objc; path = AppDelegate.m; sourceTree = "<group>"; };
/* End PBXFileReference section */

/* Begin PBXFrameworksBuildPhase section */
		548F3EBD231F47A4003CE914 /* Frameworks */ = {
			isa = PBXFrameworksBuildPhase;
			buildActionMask = 2147483647;
			files = (
				2F2520DC231F5C63003212B0 /* libxml2.tbd in Frameworks */,
				2F2520DA231F5C5B003212B0 /* WebKit.framework in Frameworks */,
				2F2520D8231F5C55003212B0 /* AVFoundation.framework in Frameworks */,
				2F2520D6231F5C4F003212B0 /* libz.tbd in Frameworks */,
				2F2520D4231F5C47003212B0 /* Security.framework in Frameworks */,
				2F2520D2231F5C3F003212B0 /* AdSupport.framework in Frameworks */,
				2F2520D0231F5C39003212B0 /* CoreLocation.framework in Frameworks */,
				2F2520CE231F5C32003212B0 /* QuartzCore.framework in Frameworks */,
				2F2520CC231F5C2A003212B0 /* SystemConfiguration.framework in Frameworks */,
				08CD71E42386878600032548 /* BUAdSDK.framework in Frameworks */,
				2F2520CA231F5C22003212B0 /* CoreGraphics.framework in Frameworks */,
				2F2520C8231F5C16003212B0 /* UIKit.framework in Frameworks */,
				2F2520C6231F5C10003212B0 /* Foundation.framework in Frameworks */,
				08CD71E52386878600032548 /* libMSAdSDK.a in Frameworks */,
				2F2520C4231F5C08003212B0 /* Photos.framework in Frameworks */,
				2F2520C2231F5BFF003212B0 /* CoreMotion.framework in Frameworks */,
				2F2520C0231F5BF6003212B0 /* libresolv.9.tbd in Frameworks */,
				2F2520BE231F5BEA003212B0 /* libc++.tbd in Frameworks */,
			);
			runOnlyForDeploymentPostprocessing = 0;
		};
		548F3ED6231F47A5003CE914 /* Frameworks */ = {
			isa = PBXFrameworksBuildPhase;
			buildActionMask = 2147483647;
			files = (
			);
			runOnlyForDeploymentPostprocessing = 0;
		};
		548F3EE1231F47A5003CE914 /* Frameworks */ = {
			isa = PBXFrameworksBuildPhase;
			buildActionMask = 2147483647;
			files = (
			);
			runOnlyForDeploymentPostprocessing = 0;
		};
/* End PBXFrameworksBuildPhase section */

/* Begin PBXGroup section */
		08CD71D32386878600032548 /* lib */ = {
			isa = PBXGroup;
			children = (
				08CD71D42386878600032548 /* BUAdSDK.framework */,
				08CD71D52386878600032548 /* MS */,
				08CD71E32386878600032548 /* BUAdSDK.bundle */,
			);
			path = lib;
			sourceTree = "<group>";
		};
		08CD71D52386878600032548 /* MS */ = {
			isa = PBXGroup;
			children = (
				08CD71D62386878600032548 /* include */,
				08CD71E22386878600032548 /* libMSAdSDK.a */,
			);
			path = MS;
			sourceTree = "<group>";
		};
		08CD71D62386878600032548 /* include */ = {
			isa = PBXGroup;
			children = (
				08CD71D72386878600032548 /* MSAdSDK */,
			);
			path = include;
			sourceTree = "<group>";
		};
		08CD71D72386878600032548 /* MSAdSDK */ = {
			isa = PBXGroup;
			children = (
				08CD71D82386878600032548 /* MSAdModel.h */,
				08CD71D92386878600032548 /* MSRewardVideoAd.h */,
				08CD71DA2386878600032548 /* MRApplication.h */,
				08CD71DB2386878600032548 /* MSSDKDefines.h */,
				08CD71DC2386878600032548 /* MSSplashAd.h */,
				08CD71DD2386878600032548 /* MSNativeAdView.h */,
				08CD71DE2386878600032548 /* MSInterstitial.h */,
				08CD71DF2386878600032548 /* MSBannerView.h */,
				08CD71E02386878600032548 /* MSSDKModel.h */,
				08CD71E12386878600032548 /* MSAdSDK.h */,
			);
			path = MSAdSDK;
			sourceTree = "<group>";
		};
		08CD71E7238688B000032548 /* MSAds */ = {
			isa = PBXGroup;
			children = (
				08CD71E8238688B000032548 /* MSNativeExpressAd */,
				08CD71EC238688B000032548 /* MSSplashAd */,
				08CD71F0238688B000032548 /* MSRewardVideoAd */,
				08CD71F4238688B000032548 /* MSInterstitialAd */,
				08CD71F8238688B000032548 /* MSBannerAd */,
			);
			path = MSAds;
			sourceTree = "<group>";
		};
		08CD71E8238688B000032548 /* MSNativeExpressAd */ = {
			isa = PBXGroup;
			children = (
				08CD71E9238688B000032548 /* NativeExpressAdViewController.h */,
				08CD71EA238688B000032548 /* NativeExpressAdViewController.xib */,
				08CD71EB238688B000032548 /* NativeExpressAdViewController.m */,
			);
			path = MSNativeExpressAd;
			sourceTree = "<group>";
		};
		08CD71EC238688B000032548 /* MSSplashAd */ = {
			isa = PBXGroup;
			children = (
				08CD71ED238688B000032548 /* SplashViewController.h */,
				08CD71EE238688B000032548 /* SplashViewController.m */,
				08CD71EF238688B000032548 /* SplashViewController.xib */,
			);
			path = MSSplashAd;
			sourceTree = "<group>";
		};
		08CD71F0238688B000032548 /* MSRewardVideoAd */ = {
			isa = PBXGroup;
			children = (
				08CD71F1238688B000032548 /* RewardVideoViewController.m */,
				08CD71F2238688B000032548 /* RewardVideoViewController.xib */,
				08CD71F3238688B000032548 /* RewardVideoViewController.h */,
			);
			path = MSRewardVideoAd;
			sourceTree = "<group>";
		};
		08CD71F4238688B000032548 /* MSInterstitialAd */ = {
			isa = PBXGroup;
			children = (
				08CD71F5238688B000032548 /* InterstitialViewController.h */,
				08CD71F6238688B000032548 /* InterstitialViewController.xib */,
				08CD71F7238688B000032548 /* InterstitialViewController.m */,
			);
			path = MSInterstitialAd;
			sourceTree = "<group>";
		};
		08CD71F8238688B000032548 /* MSBannerAd */ = {
			isa = PBXGroup;
			children = (
				08CD71F9238688B000032548 /* BannerViewController.xib */,
				08CD71FA238688B000032548 /* BannerViewController.m */,
				08CD71FB238688B000032548 /* BannerViewController.h */,
			);
			path = MSBannerAd;
			sourceTree = "<group>";
		};
		2F2520BB231F5B35003212B0 /* Frameworks */ = {
			isa = PBXGroup;
			children = (
				2F2520DB231F5C63003212B0 /* libxml2.tbd */,
				2F2520D9231F5C5B003212B0 /* WebKit.framework */,
				2F2520D7231F5C54003212B0 /* AVFoundation.framework */,
				2F2520D5231F5C4F003212B0 /* libz.tbd */,
				2F2520D3231F5C47003212B0 /* Security.framework */,
				2F2520D1231F5C3F003212B0 /* AdSupport.framework */,
				2F2520CF231F5C39003212B0 /* CoreLocation.framework */,
				2F2520CD231F5C32003212B0 /* QuartzCore.framework */,
				2F2520CB231F5C2A003212B0 /* SystemConfiguration.framework */,
				2F2520C9231F5C22003212B0 /* CoreGraphics.framework */,
				2F2520C7231F5C16003212B0 /* UIKit.framework */,
				2F2520C5231F5C0F003212B0 /* Foundation.framework */,
				2F2520C3231F5C08003212B0 /* Photos.framework */,
				2F2520C1231F5BFF003212B0 /* CoreMotion.framework */,
				2F2520BF231F5BF6003212B0 /* libresolv.9.tbd */,
				2F2520BD231F5BEA003212B0 /* libc++.tbd */,
			);
			name = Frameworks;
			sourceTree = "<group>";
		};
		548F3EB7231F47A4003CE914 = {
			isa = PBXGroup;
			children = (
				548F3EC2231F47A4003CE914 /* Demo */,
				548F3EDC231F47A5003CE914 /* DemoTests */,
				548F3EE7231F47A5003CE914 /* DemoUITests */,
				548F3EC1231F47A4003CE914 /* Products */,
				2F2520BB231F5B35003212B0 /* Frameworks */,
			);
			sourceTree = "<group>";
		};
		548F3EC1231F47A4003CE914 /* Products */ = {
			isa = PBXGroup;
			children = (
				548F3EC0231F47A4003CE914 /* Demo.app */,
				548F3ED9231F47A5003CE914 /* DemoTests.xctest */,
				548F3EE4231F47A5003CE914 /* DemoUITests.xctest */,
			);
			name = Products;
			sourceTree = "<group>";
		};
		548F3EC2231F47A4003CE914 /* Demo */ = {
			isa = PBXGroup;
			children = (
				08CD71D32386878600032548 /* lib */,
				08CD71E7238688B000032548 /* MSAds */,
				548F3FCD231F4AAA003CE914 /* MSAdViewController.h */,
				548F3FCE231F4AAA003CE914 /* MSAdViewController.m */,
				548F3FCF231F4AAA003CE914 /* MSNavigationController.h */,
				548F3FD0231F4AAA003CE914 /* MSNavigationController.m */,
				548F3FD1231F4AAA003CE914 /* MSSampleAdTypes */,
				548F3EC9231F47A4003CE914 /* ViewController.h */,
				548F3ECA231F47A4003CE914 /* ViewController.m */,
				548F3FE2231F4AFD003CE914 /* AppDelegate.h */,
				548F3FE3231F4AFD003CE914 /* AppDelegate.m */,
				548F3ECC231F47A4003CE914 /* Main.storyboard */,
				548F3ECF231F47A4003CE914 /* Assets.xcassets */,
				548F3ED1231F47A4003CE914 /* LaunchScreen.storyboard */,
				548F3ED4231F47A4003CE914 /* Info.plist */,
				548F3EC3231F47A4003CE914 /* Supporting Files */,
			);
			path = Demo;
			sourceTree = "<group>";
		};
		548F3EC3231F47A4003CE914 /* Supporting Files */ = {
			isa = PBXGroup;
			children = (
				548F3EC4231F47A4003CE914 /* main.m */,
			);
			name = "Supporting Files";
			sourceTree = "<group>";
		};
		548F3EDC231F47A5003CE914 /* DemoTests */ = {
			isa = PBXGroup;
			children = (
				548F3EDD231F47A5003CE914 /* DemoTests.m */,
				548F3EDF231F47A5003CE914 /* Info.plist */,
			);
			path = DemoTests;
			sourceTree = "<group>";
		};
		548F3EE7231F47A5003CE914 /* DemoUITests */ = {
			isa = PBXGroup;
			children = (
				548F3EE8231F47A5003CE914 /* DemoUITests.m */,
				548F3EEA231F47A5003CE914 /* Info.plist */,
			);
			path = DemoUITests;
			sourceTree = "<group>";
		};
		548F3FD1231F4AAA003CE914 /* MSSampleAdTypes */ = {
			isa = PBXGroup;
			children = (
				548F3FD2231F4AAA003CE914 /* MSAdViewController+Sample.h */,
				548F3FD3231F4AAA003CE914 /* MSAdViewController+Sample.m */,
			);
			path = MSSampleAdTypes;
			sourceTree = "<group>";
		};
/* End PBXGroup section */

/* Begin PBXNativeTarget section */
		548F3EBF231F47A4003CE914 /* Demo */ = {
			isa = PBXNativeTarget;
			buildConfigurationList = 548F3EED231F47A5003CE914 /* Build configuration list for PBXNativeTarget "Demo" */;
			buildPhases = (
				548F3EBC231F47A4003CE914 /* Sources */,
				548F3EBD231F47A4003CE914 /* Frameworks */,
				548F3EBE231F47A4003CE914 /* Resources */,
			);
			buildRules = (
			);
			dependencies = (
			);
			name = Demo;
			productName = Demo;
			productReference = 548F3EC0231F47A4003CE914 /* Demo.app */;
			productType = "com.apple.product-type.application";
		};
		548F3ED8231F47A5003CE914 /* DemoTests */ = {
			isa = PBXNativeTarget;
			buildConfigurationList = 548F3EF0231F47A5003CE914 /* Build configuration list for PBXNativeTarget "DemoTests" */;
			buildPhases = (
				548F3ED5231F47A5003CE914 /* Sources */,
				548F3ED6231F47A5003CE914 /* Frameworks */,
				548F3ED7231F47A5003CE914 /* Resources */,
			);
			buildRules = (
			);
			dependencies = (
				548F3EDB231F47A5003CE914 /* PBXTargetDependency */,
			);
			name = DemoTests;
			productName = DemoTests;
			productReference = 548F3ED9231F47A5003CE914 /* DemoTests.xctest */;
			productType = "com.apple.product-type.bundle.unit-test";
		};
		548F3EE3231F47A5003CE914 /* DemoUITests */ = {
			isa = PBXNativeTarget;
			buildConfigurationList = 548F3EF3231F47A5003CE914 /* Build configuration list for PBXNativeTarget "DemoUITests" */;
			buildPhases = (
				548F3EE0231F47A5003CE914 /* Sources */,
				548F3EE1231F47A5003CE914 /* Frameworks */,
				548F3EE2231F47A5003CE914 /* Resources */,
			);
			buildRules = (
			);
			dependencies = (
				548F3EE6231F47A5003CE914 /* PBXTargetDependency */,
			);
			name = DemoUITests;
			productName = DemoUITests;
			productReference = 548F3EE4231F47A5003CE914 /* DemoUITests.xctest */;
			productType = "com.apple.product-type.bundle.ui-testing";
		};
/* End PBXNativeTarget section */

/* Begin PBXProject section */
		548F3EB8231F47A4003CE914 /* Project object */ = {
			isa = PBXProject;
			attributes = {
				LastUpgradeCheck = 0820;
				ORGANIZATIONNAME = bwhx;
				TargetAttributes = {
					548F3EBF231F47A4003CE914 = {
						CreatedOnToolsVersion = 8.2.1;
						DevelopmentTeam = 5T6Y975CNN;
						ProvisioningStyle = Automatic;
					};
					548F3ED8231F47A5003CE914 = {
						CreatedOnToolsVersion = 8.2.1;
						ProvisioningStyle = Automatic;
						TestTargetID = 548F3EBF231F47A4003CE914;
					};
					548F3EE3231F47A5003CE914 = {
						CreatedOnToolsVersion = 8.2.1;
						ProvisioningStyle = Automatic;
						TestTargetID = 548F3EBF231F47A4003CE914;
					};
				};
			};
			buildConfigurationList = 548F3EBB231F47A4003CE914 /* Build configuration list for PBXProject "Demo" */;
			compatibilityVersion = "Xcode 3.2";
			developmentRegion = English;
			hasScannedForEncodings = 0;
			knownRegions = (
				English,
				en,
				Base,
			);
			mainGroup = 548F3EB7231F47A4003CE914;
			productRefGroup = 548F3EC1231F47A4003CE914 /* Products */;
			projectDirPath = "";
			projectRoot = "";
			targets = (
				548F3EBF231F47A4003CE914 /* Demo */,
				548F3ED8231F47A5003CE914 /* DemoTests */,
				548F3EE3231F47A5003CE914 /* DemoUITests */,
			);
		};
/* End PBXProject section */

/* Begin PBXResourcesBuildPhase section */
		548F3EBE231F47A4003CE914 /* Resources */ = {
			isa = PBXResourcesBuildPhase;
			buildActionMask = 2147483647;
			files = (
				08CD71FC238688B100032548 /* NativeExpressAdViewController.xib in Resources */,
				08CD71FF238688B100032548 /* SplashViewController.xib in Resources */,
				08CD7202238688B100032548 /* InterstitialViewController.xib in Resources */,
				08CD71E62386878600032548 /* BUAdSDK.bundle in Resources */,
				548F3ED3231F47A4003CE914 /* LaunchScreen.storyboard in Resources */,
				08CD7204238688B100032548 /* BannerViewController.xib in Resources */,
				548F3ED0231F47A4003CE914 /* Assets.xcassets in Resources */,
				548F3ECE231F47A4003CE914 /* Main.storyboard in Resources */,
				08CD7201238688B100032548 /* RewardVideoViewController.xib in Resources */,
			);
			runOnlyForDeploymentPostprocessing = 0;
		};
		548F3ED7231F47A5003CE914 /* Resources */ = {
			isa = PBXResourcesBuildPhase;
			buildActionMask = 2147483647;
			files = (
			);
			runOnlyForDeploymentPostprocessing = 0;
		};
		548F3EE2231F47A5003CE914 /* Resources */ = {
			isa = PBXResourcesBuildPhase;
			buildActionMask = 2147483647;
			files = (
			);
			runOnlyForDeploymentPostprocessing = 0;
		};
/* End PBXResourcesBuildPhase section */

/* Begin PBXSourcesBuildPhase section */
		548F3EBC231F47A4003CE914 /* Sources */ = {
			isa = PBXSourcesBuildPhase;
			buildActionMask = 2147483647;
			files = (
				548F3FE4231F4AFD003CE914 /* AppDelegate.m in Sources */,
				548F3ECB231F47A4003CE914 /* ViewController.m in Sources */,
				08CD7203238688B100032548 /* InterstitialViewController.m in Sources */,
				548F3FDF231F4AAA003CE914 /* MSAdViewController.m in Sources */,
				08CD71FE238688B100032548 /* SplashViewController.m in Sources */,
				08CD71FD238688B100032548 /* NativeExpressAdViewController.m in Sources */,
				08CD7200238688B100032548 /* RewardVideoViewController.m in Sources */,
				548F3FE0231F4AAA003CE914 /* MSNavigationController.m in Sources */,
				08CD7205238688B100032548 /* BannerViewController.m in Sources */,
				548F3EC5231F47A4003CE914 /* main.m in Sources */,
				548F3FE1231F4AAA003CE914 /* MSAdViewController+Sample.m in Sources */,
			);
			runOnlyForDeploymentPostprocessing = 0;
		};
		548F3ED5231F47A5003CE914 /* Sources */ = {
			isa = PBXSourcesBuildPhase;
			buildActionMask = 2147483647;
			files = (
				548F3EDE231F47A5003CE914 /* DemoTests.m in Sources */,
			);
			runOnlyForDeploymentPostprocessing = 0;
		};
		548F3EE0231F47A5003CE914 /* Sources */ = {
			isa = PBXSourcesBuildPhase;
			buildActionMask = 2147483647;
			files = (
				548F3EE9231F47A5003CE914 /* DemoUITests.m in Sources */,
			);
			runOnlyForDeploymentPostprocessing = 0;
		};
/* End PBXSourcesBuildPhase section */

/* Begin PBXTargetDependency section */
		548F3EDB231F47A5003CE914 /* PBXTargetDependency */ = {
			isa = PBXTargetDependency;
			target = 548F3EBF231F47A4003CE914 /* Demo */;
			targetProxy = 548F3EDA231F47A5003CE914 /* PBXContainerItemProxy */;
		};
		548F3EE6231F47A5003CE914 /* PBXTargetDependency */ = {
			isa = PBXTargetDependency;
			target = 548F3EBF231F47A4003CE914 /* Demo */;
			targetProxy = 548F3EE5231F47A5003CE914 /* PBXContainerItemProxy */;
		};
/* End PBXTargetDependency section */

/* Begin PBXVariantGroup section */
		548F3ECC231F47A4003CE914 /* Main.storyboard */ = {
			isa = PBXVariantGroup;
			children = (
				548F3ECD231F47A4003CE914 /* Base */,
			);
			name = Main.storyboard;
			sourceTree = "<group>";
		};
		548F3ED1231F47A4003CE914 /* LaunchScreen.storyboard */ = {
			isa = PBXVariantGroup;
			children = (
				548F3ED2231F47A4003CE914 /* Base */,
			);
			name = LaunchScreen.storyboard;
			sourceTree = "<group>";
		};
/* End PBXVariantGroup section */

/* Begin XCBuildConfiguration section */
		548F3EEB231F47A5003CE914 /* Debug */ = {
			isa = XCBuildConfiguration;
			buildSettings = {
				ALWAYS_SEARCH_USER_PATHS = NO;
				CLANG_ANALYZER_NONNULL = YES;
				CLANG_CXX_LANGUAGE_STANDARD = "gnu++0x";
				CLANG_CXX_LIBRARY = "libc++";
				CLANG_ENABLE_MODULES = YES;
				CLANG_ENABLE_OBJC_ARC = YES;
				CLANG_WARN_BOOL_CONVERSION = YES;
				CLANG_WARN_CONSTANT_CONVERSION = YES;
				CLANG_WARN_DIRECT_OBJC_ISA_USAGE = YES_ERROR;
				CLANG_WARN_DOCUMENTATION_COMMENTS = YES;
				CLANG_WARN_EMPTY_BODY = YES;
				CLANG_WARN_ENUM_CONVERSION = YES;
				CLANG_WARN_INFINITE_RECURSION = YES;
				CLANG_WARN_INT_CONVERSION = YES;
				CLANG_WARN_OBJC_ROOT_CLASS = YES_ERROR;
				CLANG_WARN_SUSPICIOUS_MOVE = YES;
				CLANG_WARN_UNREACHABLE_CODE = YES;
				CLANG_WARN__DUPLICATE_METHOD_MATCH = YES;
				"CODE_SIGN_IDENTITY[sdk=iphoneos*]" = "iPhone Developer";
				COPY_PHASE_STRIP = NO;
				DEBUG_INFORMATION_FORMAT = dwarf;
				ENABLE_STRICT_OBJC_MSGSEND = YES;
				ENABLE_TESTABILITY = YES;
				GCC_C_LANGUAGE_STANDARD = gnu99;
				GCC_DYNAMIC_NO_PIC = NO;
				GCC_NO_COMMON_BLOCKS = YES;
				GCC_OPTIMIZATION_LEVEL = 0;
				GCC_PREPROCESSOR_DEFINITIONS = (
					"DEBUG=1",
					"$(inherited)",
				);
				GCC_WARN_64_TO_32_BIT_CONVERSION = YES;
				GCC_WARN_ABOUT_RETURN_TYPE = YES_ERROR;
				GCC_WARN_UNDECLARED_SELECTOR = YES;
				GCC_WARN_UNINITIALIZED_AUTOS = YES_AGGRESSIVE;
				GCC_WARN_UNUSED_FUNCTION = YES;
				GCC_WARN_UNUSED_VARIABLE = YES;
				IPHONEOS_DEPLOYMENT_TARGET = 9.0;
				MTL_ENABLE_DEBUG_INFO = YES;
				ONLY_ACTIVE_ARCH = YES;
				SDKROOT = iphoneos;
				TARGETED_DEVICE_FAMILY = "1,2";
			};
			name = Debug;
		};
		548F3EEC231F47A5003CE914 /* Release */ = {
			isa = XCBuildConfiguration;
			buildSettings = {
				ALWAYS_SEARCH_USER_PATHS = NO;
				CLANG_ANALYZER_NONNULL = YES;
				CLANG_CXX_LANGUAGE_STANDARD = "gnu++0x";
				CLANG_CXX_LIBRARY = "libc++";
				CLANG_ENABLE_MODULES = YES;
				CLANG_ENABLE_OBJC_ARC = YES;
				CLANG_WARN_BOOL_CONVERSION = YES;
				CLANG_WARN_CONSTANT_CONVERSION = YES;
				CLANG_WARN_DIRECT_OBJC_ISA_USAGE = YES_ERROR;
				CLANG_WARN_DOCUMENTATION_COMMENTS = YES;
				CLANG_WARN_EMPTY_BODY = YES;
				CLANG_WARN_ENUM_CONVERSION = YES;
				CLANG_WARN_INFINITE_RECURSION = YES;
				CLANG_WARN_INT_CONVERSION = YES;
				CLANG_WARN_OBJC_ROOT_CLASS = YES_ERROR;
				CLANG_WARN_SUSPICIOUS_MOVE = YES;
				CLANG_WARN_UNREACHABLE_CODE = YES;
				CLANG_WARN__DUPLICATE_METHOD_MATCH = YES;
				"CODE_SIGN_IDENTITY[sdk=iphoneos*]" = "iPhone Developer";
				COPY_PHASE_STRIP = NO;
				DEBUG_INFORMATION_FORMAT = "dwarf-with-dsym";
				ENABLE_NS_ASSERTIONS = NO;
				ENABLE_STRICT_OBJC_MSGSEND = YES;
				GCC_C_LANGUAGE_STANDARD = gnu99;
				GCC_NO_COMMON_BLOCKS = YES;
				GCC_WARN_64_TO_32_BIT_CONVERSION = YES;
				GCC_WARN_ABOUT_RETURN_TYPE = YES_ERROR;
				GCC_WARN_UNDECLARED_SELECTOR = YES;
				GCC_WARN_UNINITIALIZED_AUTOS = YES_AGGRESSIVE;
				GCC_WARN_UNUSED_FUNCTION = YES;
				GCC_WARN_UNUSED_VARIABLE = YES;
				IPHONEOS_DEPLOYMENT_TARGET = 9.0;
				MTL_ENABLE_DEBUG_INFO = NO;
				SDKROOT = iphoneos;
				TARGETED_DEVICE_FAMILY = "1,2";
				VALIDATE_PRODUCT = YES;
			};
			name = Release;
		};
		548F3EEE231F47A5003CE914 /* Debug */ = {
			isa = XCBuildConfiguration;
			buildSettings = {
				ASSETCATALOG_COMPILER_APPICON_NAME = AppIcon;
				DEVELOPMENT_TEAM = 5T6Y975CNN;
				FRAMEWORK_SEARCH_PATHS = "$(PROJECT_DIR)/Demo/lib";
				HEADER_SEARCH_PATHS = "$(SRCROOT)/MSAdSDK/**";
				INFOPLIST_FILE = Demo/Info.plist;
				LD_RUNPATH_SEARCH_PATHS = "$(inherited) @executable_path/Frameworks";
				LIBRARY_SEARCH_PATHS = "$(PROJECT_DIR)/Demo/lib/MS";
				OTHER_LDFLAGS = "-ObjC";
				PRODUCT_BUNDLE_IDENTIFIER = meishu.Demo1;
				PRODUCT_NAME = "$(TARGET_NAME)";
			};
			name = Debug;
		};
		548F3EEF231F47A5003CE914 /* Release */ = {
			isa = XCBuildConfiguration;
			buildSettings = {
				ASSETCATALOG_COMPILER_APPICON_NAME = AppIcon;
				DEVELOPMENT_TEAM = 5T6Y975CNN;
				FRAMEWORK_SEARCH_PATHS = "$(PROJECT_DIR)/Demo/lib";
				HEADER_SEARCH_PATHS = "$(SRCROOT)/MSAdSDK/**";
				INFOPLIST_FILE = Demo/Info.plist;
				LD_RUNPATH_SEARCH_PATHS = "$(inherited) @executable_path/Frameworks";
				LIBRARY_SEARCH_PATHS = "$(PROJECT_DIR)/Demo/lib/MS";
				OTHER_LDFLAGS = "-ObjC";
				PRODUCT_BUNDLE_IDENTIFIER = meishu.Demo1;
				PRODUCT_NAME = "$(TARGET_NAME)";
			};
			name = Release;
		};
		548F3EF1231F47A5003CE914 /* Debug */ = {
			isa = XCBuildConfiguration;
			buildSettings = {
				BUNDLE_LOADER = "$(TEST_HOST)";
				INFOPLIST_FILE = DemoTests/Info.plist;
				LD_RUNPATH_SEARCH_PATHS = "$(inherited) @executable_path/Frameworks @loader_path/Frameworks";
				PRODUCT_BUNDLE_IDENTIFIER = meishu.DemoTests;
				PRODUCT_NAME = "$(TARGET_NAME)";
				TEST_HOST = "$(BUILT_PRODUCTS_DIR)/Demo.app/Demo";
			};
			name = Debug;
		};
		548F3EF2231F47A5003CE914 /* Release */ = {
			isa = XCBuildConfiguration;
			buildSettings = {
				BUNDLE_LOADER = "$(TEST_HOST)";
				INFOPLIST_FILE = DemoTests/Info.plist;
				LD_RUNPATH_SEARCH_PATHS = "$(inherited) @executable_path/Frameworks @loader_path/Frameworks";
				PRODUCT_BUNDLE_IDENTIFIER = meishu.DemoTests;
				PRODUCT_NAME = "$(TARGET_NAME)";
				TEST_HOST = "$(BUILT_PRODUCTS_DIR)/Demo.app/Demo";
			};
			name = Release;
		};
		548F3EF4231F47A5003CE914 /* Debug */ = {
			isa = XCBuildConfiguration;
			buildSettings = {
				INFOPLIST_FILE = DemoUITests/Info.plist;
				LD_RUNPATH_SEARCH_PATHS = "$(inherited) @executable_path/Frameworks @loader_path/Frameworks";
				PRODUCT_BUNDLE_IDENTIFIER = meishu.DemoUITests;
				PRODUCT_NAME = "$(TARGET_NAME)";
				TEST_TARGET_NAME = Demo;
			};
			name = Debug;
		};
		548F3EF5231F47A5003CE914 /* Release */ = {
			isa = XCBuildConfiguration;
			buildSettings = {
				INFOPLIST_FILE = DemoUITests/Info.plist;
				LD_RUNPATH_SEARCH_PATHS = "$(inherited) @executable_path/Frameworks @loader_path/Frameworks";
				PRODUCT_BUNDLE_IDENTIFIER = meishu.DemoUITests;
				PRODUCT_NAME = "$(TARGET_NAME)";
				TEST_TARGET_NAME = Demo;
			};
			name = Release;
		};
/* End XCBuildConfiguration section */

/* Begin XCConfigurationList section */
		548F3EBB231F47A4003CE914 /* Build configuration list for PBXProject "Demo" */ = {
			isa = XCConfigurationList;
			buildConfigurations = (
				548F3EEB231F47A5003CE914 /* Debug */,
				548F3EEC231F47A5003CE914 /* Release */,
			);
			defaultConfigurationIsVisible = 0;
			defaultConfigurationName = Release;
		};
		548F3EED231F47A5003CE914 /* Build configuration list for PBXNativeTarget "Demo" */ = {
			isa = XCConfigurationList;
			buildConfigurations = (
				548F3EEE231F47A5003CE914 /* Debug */,
				548F3EEF231F47A5003CE914 /* Release */,
			);
			defaultConfigurationIsVisible = 0;
			defaultConfigurationName = Release;
		};
		548F3EF0231F47A5003CE914 /* Build configuration list for PBXNativeTarget "DemoTests" */ = {
			isa = XCConfigurationList;
			buildConfigurations = (
				548F3EF1231F47A5003CE914 /* Debug */,
				548F3EF2231F47A5003CE914 /* Release */,
			);
			defaultConfigurationIsVisible = 0;
			defaultConfigurationName = Release;
		};
		548F3EF3231F47A5003CE914 /* Build configuration list for PBXNativeTarget "DemoUITests" */ = {
			isa = XCConfigurationList;
			buildConfigurations = (
				548F3EF4231F47A5003CE914 /* Debug */,
				548F3EF5231F47A5003CE914 /* Release */,
			);
			defaultConfigurationIsVisible = 0;
			defaultConfigurationName = Release;
		};
/* End XCConfigurationList section */
	};
	rootObject = 548F3EB8231F47A4003CE914 /* Project object */;
}
