// !$*UTF8*$!
{
	archiveVersion = 1;
	classes = {
	};
	objectVersion = 46;
	objects = {

/* Begin PBXBuildFile section */
		2F2A0A24230FE454005F393A /* Foundation.framework in Frameworks */ = {isa = PBXBuildFile; fileRef = 2F2A0A23230FE454005F393A /* Foundation.framework */; };
		2F2A0A26230FE45B005F393A /* UIKit.framework in Frameworks */ = {isa = PBXBuildFile; fileRef = 2F2A0A25230FE45B005F393A /* UIKit.framework */; };
		2F57686722F7D01E001CD77C /* MSAdSDK.m in Sources */ = {isa = PBXBuildFile; fileRef = 2F57686622F7D01E001CD77C /* MSAdSDK.m */; };
		2F82092322FD13C900B4A94B /* AdSupport.framework in Frameworks */ = {isa = PBXBuildFile; fileRef = 2F82092222FD13C900B4A94B /* AdSupport.framework */; };
		2F82092522FD13D400B4A94B /* CoreLocation.framework in Frameworks */ = {isa = PBXBuildFile; fileRef = 2F82092422FD13D400B4A94B /* CoreLocation.framework */; };
		2F82092722FD13DE00B4A94B /* QuartzCore.framework in Frameworks */ = {isa = PBXBuildFile; fileRef = 2F82092622FD13DE00B4A94B /* QuartzCore.framework */; };
		2F82092922FD13E800B4A94B /* SystemConfiguration.framework in Frameworks */ = {isa = PBXBuildFile; fileRef = 2F82092822FD13E800B4A94B /* SystemConfiguration.framework */; };
		2F82092B22FD13F300B4A94B /* CoreTelephony.framework in Frameworks */ = {isa = PBXBuildFile; fileRef = 2F82092A22FD13F300B4A94B /* CoreTelephony.framework */; };
		2F82092F22FD140B00B4A94B /* Security.framework in Frameworks */ = {isa = PBXBuildFile; fileRef = 2F82092E22FD140B00B4A94B /* Security.framework */; };
		2F82093122FD141300B4A94B /* StoreKit.framework in Frameworks */ = {isa = PBXBuildFile; fileRef = 2F82093022FD141300B4A94B /* StoreKit.framework */; };
		2F82093522FD142400B4A94B /* AVFoundation.framework in Frameworks */ = {isa = PBXBuildFile; fileRef = 2F82093422FD142400B4A94B /* AVFoundation.framework */; };
		2F82093722FD142A00B4A94B /* WebKit.framework in Frameworks */ = {isa = PBXBuildFile; fileRef = 2F82093622FD142A00B4A94B /* WebKit.framework */; };
		2F8209E522FD216400B4A94B /* MobileCoreServices.framework in Frameworks */ = {isa = PBXBuildFile; fileRef = 2F8209E422FD216400B4A94B /* MobileCoreServices.framework */; };
		2F8209E722FD217C00B4A94B /* MediaPlayer.framework in Frameworks */ = {isa = PBXBuildFile; fileRef = 2F8209E622FD217C00B4A94B /* MediaPlayer.framework */; };
		2F8209E922FD218500B4A94B /* CoreMedia.framework in Frameworks */ = {isa = PBXBuildFile; fileRef = 2F8209E822FD218500B4A94B /* CoreMedia.framework */; };
		2F8209EB22FD21A500B4A94B /* CoreMotion.framework in Frameworks */ = {isa = PBXBuildFile; fileRef = 2F8209EA22FD21A500B4A94B /* CoreMotion.framework */; };
		2FF2435D2316746800090172 /* MSAdSDK.h in CopyFiles */ = {isa = PBXBuildFile; fileRef = 2F57686522F7D01E001CD77C /* MSAdSDK.h */; };
		548F3D1D231E5BDE003CE914 /* BUAdSDK.framework in Frameworks */ = {isa = PBXBuildFile; fileRef = 548F3CC4231E5BDD003CE914 /* BUAdSDK.framework */; };
		548F3D1E231E5BDE003CE914 /* libGDTMobSDK.a in Frameworks */ = {isa = PBXBuildFile; fileRef = 548F3CD8231E5BDD003CE914 /* libGDTMobSDK.a */; };
		548F3D1F231E5BDE003CE914 /* BWHXMASCompositeConstraint.m in Sources */ = {isa = PBXBuildFile; fileRef = 548F3CDB231E5BDD003CE914 /* BWHXMASCompositeConstraint.m */; };
		548F3D20231E5BDE003CE914 /* BWHXMASConstraint.m in Sources */ = {isa = PBXBuildFile; fileRef = 548F3CDE231E5BDD003CE914 /* BWHXMASConstraint.m */; };
		548F3D21231E5BDE003CE914 /* BWHXMASConstraintMaker.m in Sources */ = {isa = PBXBuildFile; fileRef = 548F3CE0231E5BDD003CE914 /* BWHXMASConstraintMaker.m */; };
		548F3D22231E5BDE003CE914 /* BWHXMASLayoutConstraint.m in Sources */ = {isa = PBXBuildFile; fileRef = 548F3CE2231E5BDD003CE914 /* BWHXMASLayoutConstraint.m */; };
		548F3D23231E5BDE003CE914 /* BWHXMASViewAttribute.m in Sources */ = {isa = PBXBuildFile; fileRef = 548F3CE6231E5BDD003CE914 /* BWHXMASViewAttribute.m */; };
		548F3D24231E5BDE003CE914 /* BWHXMASViewConstraint.m in Sources */ = {isa = PBXBuildFile; fileRef = 548F3CE8231E5BDD003CE914 /* BWHXMASViewConstraint.m */; };
		548F3D25231E5BDE003CE914 /* NSArray+BWHXMASAdditions.m in Sources */ = {isa = PBXBuildFile; fileRef = 548F3CEA231E5BDD003CE914 /* NSArray+BWHXMASAdditions.m */; };
		548F3D26231E5BDE003CE914 /* NSLayoutConstraint+BWHXMASDebugAdditions.m in Sources */ = {isa = PBXBuildFile; fileRef = 548F3CED231E5BDD003CE914 /* NSLayoutConstraint+BWHXMASDebugAdditions.m */; };
		548F3D27231E5BDE003CE914 /* View+BWHXMASAdditions.m in Sources */ = {isa = PBXBuildFile; fileRef = 548F3CEF231E5BDD003CE914 /* View+BWHXMASAdditions.m */; };
		548F3D28231E5BDE003CE914 /* ViewController+BWHXMASAdditions.m in Sources */ = {isa = PBXBuildFile; fileRef = 548F3CF2231E5BDD003CE914 /* ViewController+BWHXMASAdditions.m */; };
		548F3D29231E5BDE003CE914 /* SelPlayerConfiguration.m in Sources */ = {isa = PBXBuildFile; fileRef = 548F3CF6231E5BDD003CE914 /* SelPlayerConfiguration.m */; };
		548F3D2A231E5BDE003CE914 /* UIViewController+PlayerRotation.m in Sources */ = {isa = PBXBuildFile; fileRef = 548F3CF8231E5BDE003CE914 /* UIViewController+PlayerRotation.m */; };
		548F3D2B231E5BDE003CE914 /* SelPlaybackControls.m in Sources */ = {isa = PBXBuildFile; fileRef = 548F3CFA231E5BDE003CE914 /* SelPlaybackControls.m */; };
		548F3D2C231E5BDE003CE914 /* SelVideoPlayer.m in Sources */ = {isa = PBXBuildFile; fileRef = 548F3CFC231E5BDE003CE914 /* SelVideoPlayer.m */; };
		548F3D2D231E5BDE003CE914 /* SelVideoSlider.m in Sources */ = {isa = PBXBuildFile; fileRef = 548F3CFE231E5BDE003CE914 /* SelVideoSlider.m */; };
		548F3D2E231E5BDE003CE914 /* MSAdModel.m in Sources */ = {isa = PBXBuildFile; fileRef = 548F3D01231E5BDE003CE914 /* MSAdModel.m */; };
		548F3D2F231E5BDE003CE914 /* MSSDKModel.m in Sources */ = {isa = PBXBuildFile; fileRef = 548F3D03231E5BDE003CE914 /* MSSDKModel.m */; };
		548F3D30231E5BDE003CE914 /* MSBannerView.m in Sources */ = {isa = PBXBuildFile; fileRef = 548F3D05231E5BDE003CE914 /* MSBannerView.m */; };
		548F3D31231E5BDE003CE914 /* MSInterstitial.m in Sources */ = {isa = PBXBuildFile; fileRef = 548F3D07231E5BDE003CE914 /* MSInterstitial.m */; };
		548F3D32231E5BDE003CE914 /* MSNativeAdView.m in Sources */ = {isa = PBXBuildFile; fileRef = 548F3D09231E5BDE003CE914 /* MSNativeAdView.m */; };
		548F3D33231E5BDE003CE914 /* MSRewardVideoAd.m in Sources */ = {isa = PBXBuildFile; fileRef = 548F3D0B231E5BDE003CE914 /* MSRewardVideoAd.m */; };
		548F3D34231E5BDE003CE914 /* ADDetailViewController.m in Sources */ = {isa = PBXBuildFile; fileRef = 548F3D0F231E5BDE003CE914 /* ADDetailViewController.m */; };
		548F3D35231E5BDE003CE914 /* SplashScreenDataManager.m in Sources */ = {isa = PBXBuildFile; fileRef = 548F3D11231E5BDE003CE914 /* SplashScreenDataManager.m */; };
		548F3D36231E5BDE003CE914 /* SplashScreenView.m in Sources */ = {isa = PBXBuildFile; fileRef = 548F3D13231E5BDE003CE914 /* SplashScreenView.m */; };
		548F3D37231E5BDE003CE914 /* MSSplashAd.m in Sources */ = {isa = PBXBuildFile; fileRef = 548F3D15231E5BDE003CE914 /* MSSplashAd.m */; };
		548F3D38231E5BDE003CE914 /* MSSDKNetSession.m in Sources */ = {isa = PBXBuildFile; fileRef = 548F3D18231E5BDE003CE914 /* MSSDKNetSession.m */; };
		548F3D39231E5BDE003CE914 /* MSCommCore.m in Sources */ = {isa = PBXBuildFile; fileRef = 548F3D1C231E5BDE003CE914 /* MSCommCore.m */; };
		548F3DCC231E5D66003CE914 /* MSBannerView.h in CopyFiles */ = {isa = PBXBuildFile; fileRef = 548F3D04231E5BDE003CE914 /* MSBannerView.h */; };
		548F3DCD231E5D66003CE914 /* MSInterstitial.h in CopyFiles */ = {isa = PBXBuildFile; fileRef = 548F3D06231E5BDE003CE914 /* MSInterstitial.h */; };
		548F3DCE231E5D66003CE914 /* MSNativeAdView.h in CopyFiles */ = {isa = PBXBuildFile; fileRef = 548F3D08231E5BDE003CE914 /* MSNativeAdView.h */; };
		548F3DCF231E5D66003CE914 /* MSRewardVideoAd.h in CopyFiles */ = {isa = PBXBuildFile; fileRef = 548F3D0A231E5BDE003CE914 /* MSRewardVideoAd.h */; };
		548F3DD0231E5D66003CE914 /* MSSplashAd.h in CopyFiles */ = {isa = PBXBuildFile; fileRef = 548F3D14231E5BDE003CE914 /* MSSplashAd.h */; };
		548F3DDD231E5F83003CE914 /* MSAdModel.h in CopyFiles */ = {isa = PBXBuildFile; fileRef = 548F3D00231E5BDE003CE914 /* MSAdModel.h */; };
		548F3DDE231E5F83003CE914 /* MSSDKModel.h in CopyFiles */ = {isa = PBXBuildFile; fileRef = 548F3D02231E5BDE003CE914 /* MSSDKModel.h */; };
		548F3DDF231E5F83003CE914 /* MSSDKDefines.h in CopyFiles */ = {isa = PBXBuildFile; fileRef = 548F3D0C231E5BDE003CE914 /* MSSDKDefines.h */; };
/* End PBXBuildFile section */

/* Begin PBXCopyFilesBuildPhase section */
		2F57686022F7D01E001CD77C /* CopyFiles */ = {
			isa = PBXCopyFilesBuildPhase;
			buildActionMask = 2147483647;
			dstPath = "include/$(PRODUCT_NAME)";
			dstSubfolderSpec = 16;
			files = (
				548F3DDD231E5F83003CE914 /* MSAdModel.h in CopyFiles */,
				548F3DDE231E5F83003CE914 /* MSSDKModel.h in CopyFiles */,
				548F3DDF231E5F83003CE914 /* MSSDKDefines.h in CopyFiles */,
				548F3DCC231E5D66003CE914 /* MSBannerView.h in CopyFiles */,
				548F3DCD231E5D66003CE914 /* MSInterstitial.h in CopyFiles */,
				548F3DCE231E5D66003CE914 /* MSNativeAdView.h in CopyFiles */,
				548F3DCF231E5D66003CE914 /* MSRewardVideoAd.h in CopyFiles */,
				548F3DD0231E5D66003CE914 /* MSSplashAd.h in CopyFiles */,
				2FF2435D2316746800090172 /* MSAdSDK.h in CopyFiles */,
			);
			runOnlyForDeploymentPostprocessing = 0;
		};
/* End PBXCopyFilesBuildPhase section */

/* Begin PBXFileReference section */
		2F2A0A23230FE454005F393A /* Foundation.framework */ = {isa = PBXFileReference; lastKnownFileType = wrapper.framework; name = Foundation.framework; path = System/Library/Frameworks/Foundation.framework; sourceTree = SDKROOT; };
		2F2A0A25230FE45B005F393A /* UIKit.framework */ = {isa = PBXFileReference; lastKnownFileType = wrapper.framework; name = UIKit.framework; path = System/Library/Frameworks/UIKit.framework; sourceTree = SDKROOT; };
		2F57686222F7D01E001CD77C /* libMSAdSDK.a */ = {isa = PBXFileReference; explicitFileType = archive.ar; includeInIndex = 0; path = libMSAdSDK.a; sourceTree = BUILT_PRODUCTS_DIR; };
		2F57686522F7D01E001CD77C /* MSAdSDK.h */ = {isa = PBXFileReference; lastKnownFileType = sourcecode.c.h; path = MSAdSDK.h; sourceTree = "<group>"; };
		2F57686622F7D01E001CD77C /* MSAdSDK.m */ = {isa = PBXFileReference; lastKnownFileType = sourcecode.c.objc; path = MSAdSDK.m; sourceTree = "<group>"; };
		2F82092222FD13C900B4A94B /* AdSupport.framework */ = {isa = PBXFileReference; lastKnownFileType = wrapper.framework; name = AdSupport.framework; path = System/Library/Frameworks/AdSupport.framework; sourceTree = SDKROOT; };
		2F82092422FD13D400B4A94B /* CoreLocation.framework */ = {isa = PBXFileReference; lastKnownFileType = wrapper.framework; name = CoreLocation.framework; path = System/Library/Frameworks/CoreLocation.framework; sourceTree = SDKROOT; };
		2F82092622FD13DE00B4A94B /* QuartzCore.framework */ = {isa = PBXFileReference; lastKnownFileType = wrapper.framework; name = QuartzCore.framework; path = System/Library/Frameworks/QuartzCore.framework; sourceTree = SDKROOT; };
		2F82092822FD13E800B4A94B /* SystemConfiguration.framework */ = {isa = PBXFileReference; lastKnownFileType = wrapper.framework; name = SystemConfiguration.framework; path = System/Library/Frameworks/SystemConfiguration.framework; sourceTree = SDKROOT; };
		2F82092A22FD13F300B4A94B /* CoreTelephony.framework */ = {isa = PBXFileReference; lastKnownFileType = wrapper.framework; name = CoreTelephony.framework; path = System/Library/Frameworks/CoreTelephony.framework; sourceTree = SDKROOT; };
		2F82092E22FD140B00B4A94B /* Security.framework */ = {isa = PBXFileReference; lastKnownFileType = wrapper.framework; name = Security.framework; path = System/Library/Frameworks/Security.framework; sourceTree = SDKROOT; };
		2F82093022FD141300B4A94B /* StoreKit.framework */ = {isa = PBXFileReference; lastKnownFileType = wrapper.framework; name = StoreKit.framework; path = System/Library/Frameworks/StoreKit.framework; sourceTree = SDKROOT; };
		2F82093422FD142400B4A94B /* AVFoundation.framework */ = {isa = PBXFileReference; lastKnownFileType = wrapper.framework; name = AVFoundation.framework; path = System/Library/Frameworks/AVFoundation.framework; sourceTree = SDKROOT; };
		2F82093622FD142A00B4A94B /* WebKit.framework */ = {isa = PBXFileReference; lastKnownFileType = wrapper.framework; name = WebKit.framework; path = System/Library/Frameworks/WebKit.framework; sourceTree = SDKROOT; };
		2F8209E422FD216400B4A94B /* MobileCoreServices.framework */ = {isa = PBXFileReference; lastKnownFileType = wrapper.framework; name = MobileCoreServices.framework; path = System/Library/Frameworks/MobileCoreServices.framework; sourceTree = SDKROOT; };
		2F8209E622FD217C00B4A94B /* MediaPlayer.framework */ = {isa = PBXFileReference; lastKnownFileType = wrapper.framework; name = MediaPlayer.framework; path = System/Library/Frameworks/MediaPlayer.framework; sourceTree = SDKROOT; };
		2F8209E822FD218500B4A94B /* CoreMedia.framework */ = {isa = PBXFileReference; lastKnownFileType = wrapper.framework; name = CoreMedia.framework; path = System/Library/Frameworks/CoreMedia.framework; sourceTree = SDKROOT; };
		2F8209EA22FD21A500B4A94B /* CoreMotion.framework */ = {isa = PBXFileReference; lastKnownFileType = wrapper.framework; name = CoreMotion.framework; path = System/Library/Frameworks/CoreMotion.framework; sourceTree = SDKROOT; };
		548F3CBD231E5956003CE914 /* BUAdSDK.bundle */ = {isa = PBXFileReference; lastKnownFileType = "wrapper.plug-in"; name = BUAdSDK.bundle; path = MSAdSDK/lib/BU/BUAdSDK.bundle; sourceTree = "<group>"; };
		548F3CBE231E5956003CE914 /* BUAdSDK.framework */ = {isa = PBXFileReference; lastKnownFileType = wrapper.framework; name = BUAdSDK.framework; path = MSAdSDK/lib/BU/BUAdSDK.framework; sourceTree = "<group>"; };
		548F3CC3231E5BDD003CE914 /* BUAdSDK.bundle */ = {isa = PBXFileReference; lastKnownFileType = "wrapper.plug-in"; path = BUAdSDK.bundle; sourceTree = "<group>"; };
		548F3CC4231E5BDD003CE914 /* BUAdSDK.framework */ = {isa = PBXFileReference; lastKnownFileType = wrapper.framework; path = BUAdSDK.framework; sourceTree = "<group>"; };
		548F3CC6231E5BDD003CE914 /* GDTHybridAd.h */ = {isa = PBXFileReference; fileEncoding = 4; lastKnownFileType = sourcecode.c.h; path = GDTHybridAd.h; sourceTree = "<group>"; };
		548F3CC7231E5BDD003CE914 /* GDTLogoView.h */ = {isa = PBXFileReference; fileEncoding = 4; lastKnownFileType = sourcecode.c.h; path = GDTLogoView.h; sourceTree = "<group>"; };
		548F3CC8231E5BDD003CE914 /* GDTMediaView.h */ = {isa = PBXFileReference; fileEncoding = 4; lastKnownFileType = sourcecode.c.h; path = GDTMediaView.h; sourceTree = "<group>"; };
		548F3CC9231E5BDD003CE914 /* GDTMobBannerView.h */ = {isa = PBXFileReference; fileEncoding = 4; lastKnownFileType = sourcecode.c.h; path = GDTMobBannerView.h; sourceTree = "<group>"; };
		548F3CCA231E5BDD003CE914 /* GDTMobInterstitial.h */ = {isa = PBXFileReference; fileEncoding = 4; lastKnownFileType = sourcecode.c.h; path = GDTMobInterstitial.h; sourceTree = "<group>"; };
		548F3CCB231E5BDD003CE914 /* GDTNativeAd.h */ = {isa = PBXFileReference; fileEncoding = 4; lastKnownFileType = sourcecode.c.h; path = GDTNativeAd.h; sourceTree = "<group>"; };
		548F3CCC231E5BDD003CE914 /* GDTNativeExpressAd.h */ = {isa = PBXFileReference; fileEncoding = 4; lastKnownFileType = sourcecode.c.h; path = GDTNativeExpressAd.h; sourceTree = "<group>"; };
		548F3CCD231E5BDD003CE914 /* GDTNativeExpressAdView.h */ = {isa = PBXFileReference; fileEncoding = 4; lastKnownFileType = sourcecode.c.h; path = GDTNativeExpressAdView.h; sourceTree = "<group>"; };
		548F3CCE231E5BDD003CE914 /* GDTRewardVideoAd.h */ = {isa = PBXFileReference; fileEncoding = 4; lastKnownFileType = sourcecode.c.h; path = GDTRewardVideoAd.h; sourceTree = "<group>"; };
		548F3CCF231E5BDD003CE914 /* GDTSDKConfig.h */ = {isa = PBXFileReference; fileEncoding = 4; lastKnownFileType = sourcecode.c.h; path = GDTSDKConfig.h; sourceTree = "<group>"; };
		548F3CD0231E5BDD003CE914 /* GDTSDKDefines.h */ = {isa = PBXFileReference; fileEncoding = 4; lastKnownFileType = sourcecode.c.h; path = GDTSDKDefines.h; sourceTree = "<group>"; };
		548F3CD1231E5BDD003CE914 /* GDTSplashAd.h */ = {isa = PBXFileReference; fileEncoding = 4; lastKnownFileType = sourcecode.c.h; path = GDTSplashAd.h; sourceTree = "<group>"; };
		548F3CD2231E5BDD003CE914 /* GDTUnifiedBannerView.h */ = {isa = PBXFileReference; fileEncoding = 4; lastKnownFileType = sourcecode.c.h; path = GDTUnifiedBannerView.h; sourceTree = "<group>"; };
		548F3CD3231E5BDD003CE914 /* GDTUnifiedInterstitialAd.h */ = {isa = PBXFileReference; fileEncoding = 4; lastKnownFileType = sourcecode.c.h; path = GDTUnifiedInterstitialAd.h; sourceTree = "<group>"; };
		548F3CD4231E5BDD003CE914 /* GDTUnifiedNativeAd.h */ = {isa = PBXFileReference; fileEncoding = 4; lastKnownFileType = sourcecode.c.h; path = GDTUnifiedNativeAd.h; sourceTree = "<group>"; };
		548F3CD5231E5BDD003CE914 /* GDTUnifiedNativeAdDataObject.h */ = {isa = PBXFileReference; fileEncoding = 4; lastKnownFileType = sourcecode.c.h; path = GDTUnifiedNativeAdDataObject.h; sourceTree = "<group>"; };
		548F3CD6231E5BDD003CE914 /* GDTUnifiedNativeAdView.h */ = {isa = PBXFileReference; fileEncoding = 4; lastKnownFileType = sourcecode.c.h; path = GDTUnifiedNativeAdView.h; sourceTree = "<group>"; };
		548F3CD7231E5BDD003CE914 /* GDTVideoConfig.h */ = {isa = PBXFileReference; fileEncoding = 4; lastKnownFileType = sourcecode.c.h; path = GDTVideoConfig.h; sourceTree = "<group>"; };
		548F3CD8231E5BDD003CE914 /* libGDTMobSDK.a */ = {isa = PBXFileReference; lastKnownFileType = archive.ar; path = libGDTMobSDK.a; sourceTree = "<group>"; };
		548F3CDA231E5BDD003CE914 /* BWHXMASCompositeConstraint.h */ = {isa = PBXFileReference; fileEncoding = 4; lastKnownFileType = sourcecode.c.h; path = BWHXMASCompositeConstraint.h; sourceTree = "<group>"; };
		548F3CDB231E5BDD003CE914 /* BWHXMASCompositeConstraint.m */ = {isa = PBXFileReference; fileEncoding = 4; lastKnownFileType = sourcecode.c.objc; path = BWHXMASCompositeConstraint.m; sourceTree = "<group>"; };
		548F3CDC231E5BDD003CE914 /* BWHXMASConstraint+Private.h */ = {isa = PBXFileReference; fileEncoding = 4; lastKnownFileType = sourcecode.c.h; path = "BWHXMASConstraint+Private.h"; sourceTree = "<group>"; };
		548F3CDD231E5BDD003CE914 /* BWHXMASConstraint.h */ = {isa = PBXFileReference; fileEncoding = 4; lastKnownFileType = sourcecode.c.h; path = BWHXMASConstraint.h; sourceTree = "<group>"; };
		548F3CDE231E5BDD003CE914 /* BWHXMASConstraint.m */ = {isa = PBXFileReference; fileEncoding = 4; lastKnownFileType = sourcecode.c.objc; path = BWHXMASConstraint.m; sourceTree = "<group>"; };
		548F3CDF231E5BDD003CE914 /* BWHXMASConstraintMaker.h */ = {isa = PBXFileReference; fileEncoding = 4; lastKnownFileType = sourcecode.c.h; path = BWHXMASConstraintMaker.h; sourceTree = "<group>"; };
		548F3CE0231E5BDD003CE914 /* BWHXMASConstraintMaker.m */ = {isa = PBXFileReference; fileEncoding = 4; lastKnownFileType = sourcecode.c.objc; path = BWHXMASConstraintMaker.m; sourceTree = "<group>"; };
		548F3CE1231E5BDD003CE914 /* BWHXMASLayoutConstraint.h */ = {isa = PBXFileReference; fileEncoding = 4; lastKnownFileType = sourcecode.c.h; path = BWHXMASLayoutConstraint.h; sourceTree = "<group>"; };
		548F3CE2231E5BDD003CE914 /* BWHXMASLayoutConstraint.m */ = {isa = PBXFileReference; fileEncoding = 4; lastKnownFileType = sourcecode.c.objc; path = BWHXMASLayoutConstraint.m; sourceTree = "<group>"; };
		548F3CE3231E5BDD003CE914 /* BWHXMasonry.h */ = {isa = PBXFileReference; fileEncoding = 4; lastKnownFileType = sourcecode.c.h; path = BWHXMasonry.h; sourceTree = "<group>"; };
		548F3CE4231E5BDD003CE914 /* BWHXMASUtilities.h */ = {isa = PBXFileReference; fileEncoding = 4; lastKnownFileType = sourcecode.c.h; path = BWHXMASUtilities.h; sourceTree = "<group>"; };
		548F3CE5231E5BDD003CE914 /* BWHXMASViewAttribute.h */ = {isa = PBXFileReference; fileEncoding = 4; lastKnownFileType = sourcecode.c.h; path = BWHXMASViewAttribute.h; sourceTree = "<group>"; };
		548F3CE6231E5BDD003CE914 /* BWHXMASViewAttribute.m */ = {isa = PBXFileReference; fileEncoding = 4; lastKnownFileType = sourcecode.c.objc; path = BWHXMASViewAttribute.m; sourceTree = "<group>"; };
		548F3CE7231E5BDD003CE914 /* BWHXMASViewConstraint.h */ = {isa = PBXFileReference; fileEncoding = 4; lastKnownFileType = sourcecode.c.h; path = BWHXMASViewConstraint.h; sourceTree = "<group>"; };
		548F3CE8231E5BDD003CE914 /* BWHXMASViewConstraint.m */ = {isa = PBXFileReference; fileEncoding = 4; lastKnownFileType = sourcecode.c.objc; path = BWHXMASViewConstraint.m; sourceTree = "<group>"; };
		548F3CE9231E5BDD003CE914 /* NSArray+BWHXMASAdditions.h */ = {isa = PBXFileReference; fileEncoding = 4; lastKnownFileType = sourcecode.c.h; path = "NSArray+BWHXMASAdditions.h"; sourceTree = "<group>"; };
		548F3CEA231E5BDD003CE914 /* NSArray+BWHXMASAdditions.m */ = {isa = PBXFileReference; fileEncoding = 4; lastKnownFileType = sourcecode.c.objc; path = "NSArray+BWHXMASAdditions.m"; sourceTree = "<group>"; };
		548F3CEB231E5BDD003CE914 /* NSArray+BWHXMASShorthandAdditions.h */ = {isa = PBXFileReference; fileEncoding = 4; lastKnownFileType = sourcecode.c.h; path = "NSArray+BWHXMASShorthandAdditions.h"; sourceTree = "<group>"; };
		548F3CEC231E5BDD003CE914 /* NSLayoutConstraint+BWHXMASDebugAdditions.h */ = {isa = PBXFileReference; fileEncoding = 4; lastKnownFileType = sourcecode.c.h; path = "NSLayoutConstraint+BWHXMASDebugAdditions.h"; sourceTree = "<group>"; };
		548F3CED231E5BDD003CE914 /* NSLayoutConstraint+BWHXMASDebugAdditions.m */ = {isa = PBXFileReference; fileEncoding = 4; lastKnownFileType = sourcecode.c.objc; path = "NSLayoutConstraint+BWHXMASDebugAdditions.m"; sourceTree = "<group>"; };
		548F3CEE231E5BDD003CE914 /* View+BWHXMASAdditions.h */ = {isa = PBXFileReference; fileEncoding = 4; lastKnownFileType = sourcecode.c.h; path = "View+BWHXMASAdditions.h"; sourceTree = "<group>"; };
		548F3CEF231E5BDD003CE914 /* View+BWHXMASAdditions.m */ = {isa = PBXFileReference; fileEncoding = 4; lastKnownFileType = sourcecode.c.objc; path = "View+BWHXMASAdditions.m"; sourceTree = "<group>"; };
		548F3CF0231E5BDD003CE914 /* View+BWHXMASShorthandAdditions.h */ = {isa = PBXFileReference; fileEncoding = 4; lastKnownFileType = sourcecode.c.h; path = "View+BWHXMASShorthandAdditions.h"; sourceTree = "<group>"; };
		548F3CF1231E5BDD003CE914 /* ViewController+BWHXMASAdditions.h */ = {isa = PBXFileReference; fileEncoding = 4; lastKnownFileType = sourcecode.c.h; path = "ViewController+BWHXMASAdditions.h"; sourceTree = "<group>"; };
		548F3CF2231E5BDD003CE914 /* ViewController+BWHXMASAdditions.m */ = {isa = PBXFileReference; fileEncoding = 4; lastKnownFileType = sourcecode.c.objc; path = "ViewController+BWHXMASAdditions.m"; sourceTree = "<group>"; };
		548F3CF5231E5BDD003CE914 /* SelPlayerConfiguration.h */ = {isa = PBXFileReference; fileEncoding = 4; lastKnownFileType = sourcecode.c.h; path = SelPlayerConfiguration.h; sourceTree = "<group>"; };
		548F3CF6231E5BDD003CE914 /* SelPlayerConfiguration.m */ = {isa = PBXFileReference; fileEncoding = 4; lastKnownFileType = sourcecode.c.objc; path = SelPlayerConfiguration.m; sourceTree = "<group>"; };
		548F3CF7231E5BDD003CE914 /* UIViewController+PlayerRotation.h */ = {isa = PBXFileReference; fileEncoding = 4; lastKnownFileType = sourcecode.c.h; path = "UIViewController+PlayerRotation.h"; sourceTree = "<group>"; };
		548F3CF8231E5BDE003CE914 /* UIViewController+PlayerRotation.m */ = {isa = PBXFileReference; fileEncoding = 4; lastKnownFileType = sourcecode.c.objc; path = "UIViewController+PlayerRotation.m"; sourceTree = "<group>"; };
		548F3CF9231E5BDE003CE914 /* SelPlaybackControls.h */ = {isa = PBXFileReference; fileEncoding = 4; lastKnownFileType = sourcecode.c.h; path = SelPlaybackControls.h; sourceTree = "<group>"; };
		548F3CFA231E5BDE003CE914 /* SelPlaybackControls.m */ = {isa = PBXFileReference; fileEncoding = 4; lastKnownFileType = sourcecode.c.objc; path = SelPlaybackControls.m; sourceTree = "<group>"; };
		548F3CFB231E5BDE003CE914 /* SelVideoPlayer.h */ = {isa = PBXFileReference; fileEncoding = 4; lastKnownFileType = sourcecode.c.h; path = SelVideoPlayer.h; sourceTree = "<group>"; };
		548F3CFC231E5BDE003CE914 /* SelVideoPlayer.m */ = {isa = PBXFileReference; fileEncoding = 4; lastKnownFileType = sourcecode.c.objc; path = SelVideoPlayer.m; sourceTree = "<group>"; };
		548F3CFD231E5BDE003CE914 /* SelVideoSlider.h */ = {isa = PBXFileReference; fileEncoding = 4; lastKnownFileType = sourcecode.c.h; path = SelVideoSlider.h; sourceTree = "<group>"; };
		548F3CFE231E5BDE003CE914 /* SelVideoSlider.m */ = {isa = PBXFileReference; fileEncoding = 4; lastKnownFileType = sourcecode.c.objc; path = SelVideoSlider.m; sourceTree = "<group>"; };
		548F3D00231E5BDE003CE914 /* MSAdModel.h */ = {isa = PBXFileReference; fileEncoding = 4; lastKnownFileType = sourcecode.c.h; path = MSAdModel.h; sourceTree = "<group>"; };
		548F3D01231E5BDE003CE914 /* MSAdModel.m */ = {isa = PBXFileReference; fileEncoding = 4; lastKnownFileType = sourcecode.c.objc; path = MSAdModel.m; sourceTree = "<group>"; };
		548F3D02231E5BDE003CE914 /* MSSDKModel.h */ = {isa = PBXFileReference; fileEncoding = 4; lastKnownFileType = sourcecode.c.h; path = MSSDKModel.h; sourceTree = "<group>"; };
		548F3D03231E5BDE003CE914 /* MSSDKModel.m */ = {isa = PBXFileReference; fileEncoding = 4; lastKnownFileType = sourcecode.c.objc; path = MSSDKModel.m; sourceTree = "<group>"; };
		548F3D04231E5BDE003CE914 /* MSBannerView.h */ = {isa = PBXFileReference; fileEncoding = 4; lastKnownFileType = sourcecode.c.h; path = MSBannerView.h; sourceTree = "<group>"; };
		548F3D05231E5BDE003CE914 /* MSBannerView.m */ = {isa = PBXFileReference; fileEncoding = 4; lastKnownFileType = sourcecode.c.objc; path = MSBannerView.m; sourceTree = "<group>"; };
		548F3D06231E5BDE003CE914 /* MSInterstitial.h */ = {isa = PBXFileReference; fileEncoding = 4; lastKnownFileType = sourcecode.c.h; path = MSInterstitial.h; sourceTree = "<group>"; };
		548F3D07231E5BDE003CE914 /* MSInterstitial.m */ = {isa = PBXFileReference; fileEncoding = 4; lastKnownFileType = sourcecode.c.objc; path = MSInterstitial.m; sourceTree = "<group>"; };
		548F3D08231E5BDE003CE914 /* MSNativeAdView.h */ = {isa = PBXFileReference; fileEncoding = 4; lastKnownFileType = sourcecode.c.h; path = MSNativeAdView.h; sourceTree = "<group>"; };
		548F3D09231E5BDE003CE914 /* MSNativeAdView.m */ = {isa = PBXFileReference; fileEncoding = 4; lastKnownFileType = sourcecode.c.objc; path = MSNativeAdView.m; sourceTree = "<group>"; };
		548F3D0A231E5BDE003CE914 /* MSRewardVideoAd.h */ = {isa = PBXFileReference; fileEncoding = 4; lastKnownFileType = sourcecode.c.h; path = MSRewardVideoAd.h; sourceTree = "<group>"; };
		548F3D0B231E5BDE003CE914 /* MSRewardVideoAd.m */ = {isa = PBXFileReference; fileEncoding = 4; lastKnownFileType = sourcecode.c.objc; path = MSRewardVideoAd.m; sourceTree = "<group>"; };
		548F3D0C231E5BDE003CE914 /* MSSDKDefines.h */ = {isa = PBXFileReference; fileEncoding = 4; lastKnownFileType = sourcecode.c.h; path = MSSDKDefines.h; sourceTree = "<group>"; };
		548F3D0E231E5BDE003CE914 /* ADDetailViewController.h */ = {isa = PBXFileReference; fileEncoding = 4; lastKnownFileType = sourcecode.c.h; path = ADDetailViewController.h; sourceTree = "<group>"; };
		548F3D0F231E5BDE003CE914 /* ADDetailViewController.m */ = {isa = PBXFileReference; fileEncoding = 4; lastKnownFileType = sourcecode.c.objc; path = ADDetailViewController.m; sourceTree = "<group>"; };
		548F3D10231E5BDE003CE914 /* SplashScreenDataManager.h */ = {isa = PBXFileReference; fileEncoding = 4; lastKnownFileType = sourcecode.c.h; path = SplashScreenDataManager.h; sourceTree = "<group>"; };
		548F3D11231E5BDE003CE914 /* SplashScreenDataManager.m */ = {isa = PBXFileReference; fileEncoding = 4; lastKnownFileType = sourcecode.c.objc; path = SplashScreenDataManager.m; sourceTree = "<group>"; };
		548F3D12231E5BDE003CE914 /* SplashScreenView.h */ = {isa = PBXFileReference; fileEncoding = 4; lastKnownFileType = sourcecode.c.h; path = SplashScreenView.h; sourceTree = "<group>"; };
		548F3D13231E5BDE003CE914 /* SplashScreenView.m */ = {isa = PBXFileReference; fileEncoding = 4; lastKnownFileType = sourcecode.c.objc; path = SplashScreenView.m; sourceTree = "<group>"; };
		548F3D14231E5BDE003CE914 /* MSSplashAd.h */ = {isa = PBXFileReference; fileEncoding = 4; lastKnownFileType = sourcecode.c.h; path = MSSplashAd.h; sourceTree = "<group>"; };
		548F3D15231E5BDE003CE914 /* MSSplashAd.m */ = {isa = PBXFileReference; fileEncoding = 4; lastKnownFileType = sourcecode.c.objc; path = MSSplashAd.m; sourceTree = "<group>"; };
		548F3D17231E5BDE003CE914 /* MSSDKNetSession.h */ = {isa = PBXFileReference; fileEncoding = 4; lastKnownFileType = sourcecode.c.h; path = MSSDKNetSession.h; sourceTree = "<group>"; };
		548F3D18231E5BDE003CE914 /* MSSDKNetSession.m */ = {isa = PBXFileReference; fileEncoding = 4; lastKnownFileType = sourcecode.c.objc; path = MSSDKNetSession.m; sourceTree = "<group>"; };
		548F3D19231E5BDE003CE914 /* PrefixHeader.pch */ = {isa = PBXFileReference; fileEncoding = 4; lastKnownFileType = sourcecode.c.h; path = PrefixHeader.pch; sourceTree = "<group>"; };
		548F3D1B231E5BDE003CE914 /* MSCommCore.h */ = {isa = PBXFileReference; fileEncoding = 4; lastKnownFileType = sourcecode.c.h; path = MSCommCore.h; sourceTree = "<group>"; };
		548F3D1C231E5BDE003CE914 /* MSCommCore.m */ = {isa = PBXFileReference; fileEncoding = 4; lastKnownFileType = sourcecode.c.objc; path = MSCommCore.m; sourceTree = "<group>"; };
/* End PBXFileReference section */

/* Begin PBXFrameworksBuildPhase section */
		2F57685F22F7D01E001CD77C /* Frameworks */ = {
			isa = PBXFrameworksBuildPhase;
			buildActionMask = 2147483647;
			files = (
				548F3D1D231E5BDE003CE914 /* BUAdSDK.framework in Frameworks */,
				2F2A0A26230FE45B005F393A /* UIKit.framework in Frameworks */,
				2F2A0A24230FE454005F393A /* Foundation.framework in Frameworks */,
				2F8209EB22FD21A500B4A94B /* CoreMotion.framework in Frameworks */,
				2F82092322FD13C900B4A94B /* AdSupport.framework in Frameworks */,
				2F82093522FD142400B4A94B /* AVFoundation.framework in Frameworks */,
				2F8209E922FD218500B4A94B /* CoreMedia.framework in Frameworks */,
				2F8209E722FD217C00B4A94B /* MediaPlayer.framework in Frameworks */,
				548F3D1E231E5BDE003CE914 /* libGDTMobSDK.a in Frameworks */,
				2F82093722FD142A00B4A94B /* WebKit.framework in Frameworks */,
				2F8209E522FD216400B4A94B /* MobileCoreServices.framework in Frameworks */,
				2F82093122FD141300B4A94B /* StoreKit.framework in Frameworks */,
				2F82092F22FD140B00B4A94B /* Security.framework in Frameworks */,
				2F82092B22FD13F300B4A94B /* CoreTelephony.framework in Frameworks */,
				2F82092922FD13E800B4A94B /* SystemConfiguration.framework in Frameworks */,
				2F82092722FD13DE00B4A94B /* QuartzCore.framework in Frameworks */,
				2F82092522FD13D400B4A94B /* CoreLocation.framework in Frameworks */,
			);
			runOnlyForDeploymentPostprocessing = 0;
		};
/* End PBXFrameworksBuildPhase section */

/* Begin PBXGroup section */
		2F57685922F7D01E001CD77C = {
			isa = PBXGroup;
			children = (
				2F57686422F7D01E001CD77C /* MSAdSDK */,
				2F57686322F7D01E001CD77C /* Products */,
				A00D06CCECB4B19A60FE73B7 /* Frameworks */,
			);
			sourceTree = "<group>";
		};
		2F57686322F7D01E001CD77C /* Products */ = {
			isa = PBXGroup;
			children = (
				2F57686222F7D01E001CD77C /* libMSAdSDK.a */,
			);
			name = Products;
			sourceTree = "<group>";
		};
		2F57686422F7D01E001CD77C /* MSAdSDK */ = {
			isa = PBXGroup;
			children = (
				548F3CC1231E5BDD003CE914 /* lib */,
				548F3CFF231E5BDE003CE914 /* Model */,
				548F3D04231E5BDE003CE914 /* MSBannerView.h */,
				548F3D05231E5BDE003CE914 /* MSBannerView.m */,
				548F3D06231E5BDE003CE914 /* MSInterstitial.h */,
				548F3D07231E5BDE003CE914 /* MSInterstitial.m */,
				548F3D08231E5BDE003CE914 /* MSNativeAdView.h */,
				548F3D09231E5BDE003CE914 /* MSNativeAdView.m */,
				548F3D0A231E5BDE003CE914 /* MSRewardVideoAd.h */,
				548F3D0B231E5BDE003CE914 /* MSRewardVideoAd.m */,
				548F3D0C231E5BDE003CE914 /* MSSDKDefines.h */,
				548F3D14231E5BDE003CE914 /* MSSplashAd.h */,
				548F3D15231E5BDE003CE914 /* MSSplashAd.m */,
				548F3D0D231E5BDE003CE914 /* MSSplashAd */,
				548F3D16231E5BDE003CE914 /* network */,
				548F3D19231E5BDE003CE914 /* PrefixHeader.pch */,
				548F3D1A231E5BDE003CE914 /* Util */,
				2F57686522F7D01E001CD77C /* MSAdSDK.h */,
				2F57686622F7D01E001CD77C /* MSAdSDK.m */,
			);
			path = MSAdSDK;
			sourceTree = "<group>";
		};
		548F3CC1231E5BDD003CE914 /* lib */ = {
			isa = PBXGroup;
			children = (
				548F3CC2231E5BDD003CE914 /* BU */,
				548F3CC5231E5BDD003CE914 /* GDT */,
				548F3CD9231E5BDD003CE914 /* Masonry */,
				548F3CF3231E5BDD003CE914 /* VideoPlayer */,
			);
			path = lib;
			sourceTree = "<group>";
		};
		548F3CC2231E5BDD003CE914 /* BU */ = {
			isa = PBXGroup;
			children = (
				548F3CC3231E5BDD003CE914 /* BUAdSDK.bundle */,
				548F3CC4231E5BDD003CE914 /* BUAdSDK.framework */,
			);
			path = BU;
			sourceTree = "<group>";
		};
		548F3CC5231E5BDD003CE914 /* GDT */ = {
			isa = PBXGroup;
			children = (
				548F3CC6231E5BDD003CE914 /* GDTHybridAd.h */,
				548F3CC7231E5BDD003CE914 /* GDTLogoView.h */,
				548F3CC8231E5BDD003CE914 /* GDTMediaView.h */,
				548F3CC9231E5BDD003CE914 /* GDTMobBannerView.h */,
				548F3CCA231E5BDD003CE914 /* GDTMobInterstitial.h */,
				548F3CCB231E5BDD003CE914 /* GDTNativeAd.h */,
				548F3CCC231E5BDD003CE914 /* GDTNativeExpressAd.h */,
				548F3CCD231E5BDD003CE914 /* GDTNativeExpressAdView.h */,
				548F3CCE231E5BDD003CE914 /* GDTRewardVideoAd.h */,
				548F3CCF231E5BDD003CE914 /* GDTSDKConfig.h */,
				548F3CD0231E5BDD003CE914 /* GDTSDKDefines.h */,
				548F3CD1231E5BDD003CE914 /* GDTSplashAd.h */,
				548F3CD2231E5BDD003CE914 /* GDTUnifiedBannerView.h */,
				548F3CD3231E5BDD003CE914 /* GDTUnifiedInterstitialAd.h */,
				548F3CD4231E5BDD003CE914 /* GDTUnifiedNativeAd.h */,
				548F3CD5231E5BDD003CE914 /* GDTUnifiedNativeAdDataObject.h */,
				548F3CD6231E5BDD003CE914 /* GDTUnifiedNativeAdView.h */,
				548F3CD7231E5BDD003CE914 /* GDTVideoConfig.h */,
				548F3CD8231E5BDD003CE914 /* libGDTMobSDK.a */,
			);
			path = GDT;
			sourceTree = "<group>";
		};
		548F3CD9231E5BDD003CE914 /* Masonry */ = {
			isa = PBXGroup;
			children = (
				548F3CDA231E5BDD003CE914 /* BWHXMASCompositeConstraint.h */,
				548F3CDB231E5BDD003CE914 /* BWHXMASCompositeConstraint.m */,
				548F3CDC231E5BDD003CE914 /* BWHXMASConstraint+Private.h */,
				548F3CDD231E5BDD003CE914 /* BWHXMASConstraint.h */,
				548F3CDE231E5BDD003CE914 /* BWHXMASConstraint.m */,
				548F3CDF231E5BDD003CE914 /* BWHXMASConstraintMaker.h */,
				548F3CE0231E5BDD003CE914 /* BWHXMASConstraintMaker.m */,
				548F3CE1231E5BDD003CE914 /* BWHXMASLayoutConstraint.h */,
				548F3CE2231E5BDD003CE914 /* BWHXMASLayoutConstraint.m */,
				548F3CE3231E5BDD003CE914 /* BWHXMasonry.h */,
				548F3CE4231E5BDD003CE914 /* BWHXMASUtilities.h */,
				548F3CE5231E5BDD003CE914 /* BWHXMASViewAttribute.h */,
				548F3CE6231E5BDD003CE914 /* BWHXMASViewAttribute.m */,
				548F3CE7231E5BDD003CE914 /* BWHXMASViewConstraint.h */,
				548F3CE8231E5BDD003CE914 /* BWHXMASViewConstraint.m */,
				548F3CE9231E5BDD003CE914 /* NSArray+BWHXMASAdditions.h */,
				548F3CEA231E5BDD003CE914 /* NSArray+BWHXMASAdditions.m */,
				548F3CEB231E5BDD003CE914 /* NSArray+BWHXMASShorthandAdditions.h */,
				548F3CEC231E5BDD003CE914 /* NSLayoutConstraint+BWHXMASDebugAdditions.h */,
				548F3CED231E5BDD003CE914 /* NSLayoutConstraint+BWHXMASDebugAdditions.m */,
				548F3CEE231E5BDD003CE914 /* View+BWHXMASAdditions.h */,
				548F3CEF231E5BDD003CE914 /* View+BWHXMASAdditions.m */,
				548F3CF0231E5BDD003CE914 /* View+BWHXMASShorthandAdditions.h */,
				548F3CF1231E5BDD003CE914 /* ViewController+BWHXMASAdditions.h */,
				548F3CF2231E5BDD003CE914 /* ViewController+BWHXMASAdditions.m */,
			);
			path = Masonry;
			sourceTree = "<group>";
		};
		548F3CF3231E5BDD003CE914 /* VideoPlayer */ = {
			isa = PBXGroup;
			children = (
				548F3CF4231E5BDD003CE914 /* Configs */,
				548F3CF9231E5BDE003CE914 /* SelPlaybackControls.h */,
				548F3CFA231E5BDE003CE914 /* SelPlaybackControls.m */,
				548F3CFB231E5BDE003CE914 /* SelVideoPlayer.h */,
				548F3CFC231E5BDE003CE914 /* SelVideoPlayer.m */,
				548F3CFD231E5BDE003CE914 /* SelVideoSlider.h */,
				548F3CFE231E5BDE003CE914 /* SelVideoSlider.m */,
			);
			path = VideoPlayer;
			sourceTree = "<group>";
		};
		548F3CF4231E5BDD003CE914 /* Configs */ = {
			isa = PBXGroup;
			children = (
				548F3CF5231E5BDD003CE914 /* SelPlayerConfiguration.h */,
				548F3CF6231E5BDD003CE914 /* SelPlayerConfiguration.m */,
				548F3CF7231E5BDD003CE914 /* UIViewController+PlayerRotation.h */,
				548F3CF8231E5BDE003CE914 /* UIViewController+PlayerRotation.m */,
			);
			path = Configs;
			sourceTree = "<group>";
		};
		548F3CFF231E5BDE003CE914 /* Model */ = {
			isa = PBXGroup;
			children = (
				548F3D00231E5BDE003CE914 /* MSAdModel.h */,
				548F3D01231E5BDE003CE914 /* MSAdModel.m */,
				548F3D02231E5BDE003CE914 /* MSSDKModel.h */,
				548F3D03231E5BDE003CE914 /* MSSDKModel.m */,
			);
			path = Model;
			sourceTree = "<group>";
		};
		548F3D0D231E5BDE003CE914 /* MSSplashAd */ = {
			isa = PBXGroup;
			children = (
				548F3D0E231E5BDE003CE914 /* ADDetailViewController.h */,
				548F3D0F231E5BDE003CE914 /* ADDetailViewController.m */,
				548F3D10231E5BDE003CE914 /* SplashScreenDataManager.h */,
				548F3D11231E5BDE003CE914 /* SplashScreenDataManager.m */,
				548F3D12231E5BDE003CE914 /* SplashScreenView.h */,
				548F3D13231E5BDE003CE914 /* SplashScreenView.m */,
			);
			path = MSSplashAd;
			sourceTree = "<group>";
		};
		548F3D16231E5BDE003CE914 /* network */ = {
			isa = PBXGroup;
			children = (
				548F3D17231E5BDE003CE914 /* MSSDKNetSession.h */,
				548F3D18231E5BDE003CE914 /* MSSDKNetSession.m */,
			);
			path = network;
			sourceTree = "<group>";
		};
		548F3D1A231E5BDE003CE914 /* Util */ = {
			isa = PBXGroup;
			children = (
				548F3D1B231E5BDE003CE914 /* MSCommCore.h */,
				548F3D1C231E5BDE003CE914 /* MSCommCore.m */,
			);
			path = Util;
			sourceTree = "<group>";
		};
		A00D06CCECB4B19A60FE73B7 /* Frameworks */ = {
			isa = PBXGroup;
			children = (
				548F3CBD231E5956003CE914 /* BUAdSDK.bundle */,
				548F3CBE231E5956003CE914 /* BUAdSDK.framework */,
				2F2A0A25230FE45B005F393A /* UIKit.framework */,
				2F2A0A23230FE454005F393A /* Foundation.framework */,
				2F8209EA22FD21A500B4A94B /* CoreMotion.framework */,
				2F8209E822FD218500B4A94B /* CoreMedia.framework */,
				2F8209E622FD217C00B4A94B /* MediaPlayer.framework */,
				2F8209E422FD216400B4A94B /* MobileCoreServices.framework */,
				2F82093622FD142A00B4A94B /* WebKit.framework */,
				2F82093422FD142400B4A94B /* AVFoundation.framework */,
				2F82093022FD141300B4A94B /* StoreKit.framework */,
				2F82092E22FD140B00B4A94B /* Security.framework */,
				2F82092A22FD13F300B4A94B /* CoreTelephony.framework */,
				2F82092822FD13E800B4A94B /* SystemConfiguration.framework */,
				2F82092622FD13DE00B4A94B /* QuartzCore.framework */,
				2F82092422FD13D400B4A94B /* CoreLocation.framework */,
				2F82092222FD13C900B4A94B /* AdSupport.framework */,
			);
			name = Frameworks;
			sourceTree = "<group>";
		};
/* End PBXGroup section */

/* Begin PBXNativeTarget section */
		2F57686122F7D01E001CD77C /* MSAdSDK */ = {
			isa = PBXNativeTarget;
			buildConfigurationList = 2F57686B22F7D01E001CD77C /* Build configuration list for PBXNativeTarget "MSAdSDK" */;
			buildPhases = (
				2F57685E22F7D01E001CD77C /* Sources */,
				2F57685F22F7D01E001CD77C /* Frameworks */,
				2F57686022F7D01E001CD77C /* CopyFiles */,
			);
			buildRules = (
			);
			dependencies = (
			);
			name = MSAdSDK;
			productName = MSAdSDK;
			productReference = 2F57686222F7D01E001CD77C /* libMSAdSDK.a */;
			productType = "com.apple.product-type.library.static";
		};
/* End PBXNativeTarget section */

/* Begin PBXProject section */
		2F57685A22F7D01E001CD77C /* Project object */ = {
			isa = PBXProject;
			attributes = {
				LastUpgradeCheck = 1010;
				ORGANIZATIONNAME = yang;
				TargetAttributes = {
					2F57686122F7D01E001CD77C = {
						ProvisioningStyle = Automatic;
					};
				};
			};
			buildConfigurationList = 2F57685D22F7D01E001CD77C /* Build configuration list for PBXProject "MSAdSDK" */;
			compatibilityVersion = "Xcode 3.2";
			developmentRegion = en;
			hasScannedForEncodings = 0;
			knownRegions = (
				en,
			);
			mainGroup = 2F57685922F7D01E001CD77C;
			productRefGroup = 2F57686322F7D01E001CD77C /* Products */;
			projectDirPath = "";
			projectRoot = "";
			targets = (
				2F57686122F7D01E001CD77C /* MSAdSDK */,
			);
		};
/* End PBXProject section */

/* Begin PBXSourcesBuildPhase section */
		2F57685E22F7D01E001CD77C /* Sources */ = {
			isa = PBXSourcesBuildPhase;
			buildActionMask = 2147483647;
			files = (
				548F3D2A231E5BDE003CE914 /* UIViewController+PlayerRotation.m in Sources */,
				548F3D23231E5BDE003CE914 /* BWHXMASViewAttribute.m in Sources */,
				548F3D28231E5BDE003CE914 /* ViewController+BWHXMASAdditions.m in Sources */,
				548F3D25231E5BDE003CE914 /* NSArray+BWHXMASAdditions.m in Sources */,
				548F3D30231E5BDE003CE914 /* MSBannerView.m in Sources */,
				2F57686722F7D01E001CD77C /* MSAdSDK.m in Sources */,
				548F3D38231E5BDE003CE914 /* MSSDKNetSession.m in Sources */,
				548F3D2C231E5BDE003CE914 /* SelVideoPlayer.m in Sources */,
				548F3D31231E5BDE003CE914 /* MSInterstitial.m in Sources */,
				548F3D2B231E5BDE003CE914 /* SelPlaybackControls.m in Sources */,
				548F3D29231E5BDE003CE914 /* SelPlayerConfiguration.m in Sources */,
				548F3D26231E5BDE003CE914 /* NSLayoutConstraint+BWHXMASDebugAdditions.m in Sources */,
				548F3D2D231E5BDE003CE914 /* SelVideoSlider.m in Sources */,
				548F3D1F231E5BDE003CE914 /* BWHXMASCompositeConstraint.m in Sources */,
				548F3D32231E5BDE003CE914 /* MSNativeAdView.m in Sources */,
				548F3D36231E5BDE003CE914 /* SplashScreenView.m in Sources */,
				548F3D37231E5BDE003CE914 /* MSSplashAd.m in Sources */,
				548F3D24231E5BDE003CE914 /* BWHXMASViewConstraint.m in Sources */,
				548F3D21231E5BDE003CE914 /* BWHXMASConstraintMaker.m in Sources */,
				548F3D22231E5BDE003CE914 /* BWHXMASLayoutConstraint.m in Sources */,
				548F3D33231E5BDE003CE914 /* MSRewardVideoAd.m in Sources */,
				548F3D34231E5BDE003CE914 /* ADDetailViewController.m in Sources */,
				548F3D20231E5BDE003CE914 /* BWHXMASConstraint.m in Sources */,
				548F3D35231E5BDE003CE914 /* SplashScreenDataManager.m in Sources */,
				548F3D39231E5BDE003CE914 /* MSCommCore.m in Sources */,
				548F3D2E231E5BDE003CE914 /* MSAdModel.m in Sources */,
				548F3D2F231E5BDE003CE914 /* MSSDKModel.m in Sources */,
				548F3D27231E5BDE003CE914 /* View+BWHXMASAdditions.m in Sources */,
			);
			runOnlyForDeploymentPostprocessing = 0;
		};
/* End PBXSourcesBuildPhase section */

/* Begin XCBuildConfiguration section */
		2F57686922F7D01E001CD77C /* Debug */ = {
			isa = XCBuildConfiguration;
			buildSettings = {
				ALWAYS_SEARCH_USER_PATHS = NO;
				CLANG_ANALYZER_NONNULL = YES;
				CLANG_ANALYZER_NUMBER_OBJECT_CONVERSION = YES_AGGRESSIVE;
				CLANG_CXX_LANGUAGE_STANDARD = "gnu++14";
				CLANG_CXX_LIBRARY = "libc++";
				CLANG_ENABLE_MODULES = YES;
				CLANG_ENABLE_OBJC_ARC = YES;
				CLANG_ENABLE_OBJC_WEAK = YES;
				CLANG_WARN_BLOCK_CAPTURE_AUTORELEASING = YES;
				CLANG_WARN_BOOL_CONVERSION = YES;
				CLANG_WARN_COMMA = YES;
				CLANG_WARN_CONSTANT_CONVERSION = YES;
				CLANG_WARN_DEPRECATED_OBJC_IMPLEMENTATIONS = YES;
				CLANG_WARN_DIRECT_OBJC_ISA_USAGE = YES_ERROR;
				CLANG_WARN_DOCUMENTATION_COMMENTS = YES;
				CLANG_WARN_EMPTY_BODY = YES;
				CLANG_WARN_ENUM_CONVERSION = YES;
				CLANG_WARN_INFINITE_RECURSION = YES;
				CLANG_WARN_INT_CONVERSION = YES;
				CLANG_WARN_NON_LITERAL_NULL_CONVERSION = YES;
				CLANG_WARN_OBJC_IMPLICIT_RETAIN_SELF = YES;
				CLANG_WARN_OBJC_LITERAL_CONVERSION = YES;
				CLANG_WARN_OBJC_ROOT_CLASS = YES_ERROR;
				CLANG_WARN_RANGE_LOOP_ANALYSIS = YES;
				CLANG_WARN_STRICT_PROTOTYPES = YES;
				CLANG_WARN_SUSPICIOUS_MOVE = YES;
				CLANG_WARN_UNGUARDED_AVAILABILITY = YES_AGGRESSIVE;
				CLANG_WARN_UNREACHABLE_CODE = YES;
				CLANG_WARN__DUPLICATE_METHOD_MATCH = YES;
				CODE_SIGN_IDENTITY = "iPhone Developer";
				COPY_PHASE_STRIP = NO;
				DEBUG_INFORMATION_FORMAT = dwarf;
				ENABLE_STRICT_OBJC_MSGSEND = YES;
				ENABLE_TESTABILITY = YES;
				GCC_C_LANGUAGE_STANDARD = gnu11;
				GCC_DYNAMIC_NO_PIC = NO;
				GCC_NO_COMMON_BLOCKS = YES;
				GCC_OPTIMIZATION_LEVEL = 0;
				GCC_PREPROCESSOR_DEFINITIONS = (
					"DEBUG=1",
					"$(inherited)",
				);
				GCC_WARN_64_TO_32_BIT_CONVERSION = YES;
				GCC_WARN_ABOUT_RETURN_TYPE = YES_ERROR;
				GCC_WARN_UNDECLARED_SELECTOR = YES;
				GCC_WARN_UNINITIALIZED_AUTOS = YES_AGGRESSIVE;
				GCC_WARN_UNUSED_FUNCTION = YES;
				GCC_WARN_UNUSED_VARIABLE = YES;
				IPHONEOS_DEPLOYMENT_TARGET = 9.0;
				MTL_ENABLE_DEBUG_INFO = INCLUDE_SOURCE;
				MTL_FAST_MATH = YES;
				ONLY_ACTIVE_ARCH = YES;
				SDKROOT = iphoneos;
			};
			name = Debug;
		};
		2F57686A22F7D01E001CD77C /* Release */ = {
			isa = XCBuildConfiguration;
			buildSettings = {
				ALWAYS_SEARCH_USER_PATHS = NO;
				CLANG_ANALYZER_NONNULL = YES;
				CLANG_ANALYZER_NUMBER_OBJECT_CONVERSION = YES_AGGRESSIVE;
				CLANG_CXX_LANGUAGE_STANDARD = "gnu++14";
				CLANG_CXX_LIBRARY = "libc++";
				CLANG_ENABLE_MODULES = YES;
				CLANG_ENABLE_OBJC_ARC = YES;
				CLANG_ENABLE_OBJC_WEAK = YES;
				CLANG_WARN_BLOCK_CAPTURE_AUTORELEASING = YES;
				CLANG_WARN_BOOL_CONVERSION = YES;
				CLANG_WARN_COMMA = YES;
				CLANG_WARN_CONSTANT_CONVERSION = YES;
				CLANG_WARN_DEPRECATED_OBJC_IMPLEMENTATIONS = YES;
				CLANG_WARN_DIRECT_OBJC_ISA_USAGE = YES_ERROR;
				CLANG_WARN_DOCUMENTATION_COMMENTS = YES;
				CLANG_WARN_EMPTY_BODY = YES;
				CLANG_WARN_ENUM_CONVERSION = YES;
				CLANG_WARN_INFINITE_RECURSION = YES;
				CLANG_WARN_INT_CONVERSION = YES;
				CLANG_WARN_NON_LITERAL_NULL_CONVERSION = YES;
				CLANG_WARN_OBJC_IMPLICIT_RETAIN_SELF = YES;
				CLANG_WARN_OBJC_LITERAL_CONVERSION = YES;
				CLANG_WARN_OBJC_ROOT_CLASS = YES_ERROR;
				CLANG_WARN_RANGE_LOOP_ANALYSIS = YES;
				CLANG_WARN_STRICT_PROTOTYPES = YES;
				CLANG_WARN_SUSPICIOUS_MOVE = YES;
				CLANG_WARN_UNGUARDED_AVAILABILITY = YES_AGGRESSIVE;
				CLANG_WARN_UNREACHABLE_CODE = YES;
				CLANG_WARN__DUPLICATE_METHOD_MATCH = YES;
				CODE_SIGN_IDENTITY = "iPhone Developer";
				COPY_PHASE_STRIP = NO;
				DEBUG_INFORMATION_FORMAT = "dwarf-with-dsym";
				ENABLE_NS_ASSERTIONS = NO;
				ENABLE_STRICT_OBJC_MSGSEND = YES;
				GCC_C_LANGUAGE_STANDARD = gnu11;
				GCC_NO_COMMON_BLOCKS = YES;
				GCC_WARN_64_TO_32_BIT_CONVERSION = YES;
				GCC_WARN_ABOUT_RETURN_TYPE = YES_ERROR;
				GCC_WARN_UNDECLARED_SELECTOR = YES;
				GCC_WARN_UNINITIALIZED_AUTOS = YES_AGGRESSIVE;
				GCC_WARN_UNUSED_FUNCTION = YES;
				GCC_WARN_UNUSED_VARIABLE = YES;
				IPHONEOS_DEPLOYMENT_TARGET = 9.0;
				MTL_ENABLE_DEBUG_INFO = NO;
				MTL_FAST_MATH = YES;
				SDKROOT = iphoneos;
				VALIDATE_PRODUCT = YES;
			};
			name = Release;
		};
		2F57686C22F7D01E001CD77C /* Debug */ = {
			isa = XCBuildConfiguration;
			buildSettings = {
				CLANG_MODULES_AUTOLINK = YES;
				CODE_SIGN_STYLE = Automatic;
				ENABLE_BITCODE = YES;
				FRAMEWORK_SEARCH_PATHS = (
					"$(inherited)",
					"$(PROJECT_DIR)/MSAdSDK/lib/BU",
				);
				GCC_PREFIX_HEADER = "${SRCROOT}/MSAdSDK/PrefixHeader.pch";
				LIBRARY_SEARCH_PATHS = (
					"$(inherited)",
					"$(PROJECT_DIR)/MSAdSDK/lib",
					"$(PROJECT_DIR)/MSAdSDK/lib/GDT",
				);
				OTHER_LDFLAGS = "-ObjC";
				PRODUCT_NAME = "$(TARGET_NAME)";
				SKIP_INSTALL = YES;
				TARGETED_DEVICE_FAMILY = "1,2";
			};
			name = Debug;
		};
		2F57686D22F7D01E001CD77C /* Release */ = {
			isa = XCBuildConfiguration;
			buildSettings = {
				CLANG_MODULES_AUTOLINK = YES;
				CODE_SIGN_STYLE = Automatic;
				ENABLE_BITCODE = YES;
				FRAMEWORK_SEARCH_PATHS = (
					"$(inherited)",
					"$(PROJECT_DIR)/MSAdSDK/lib/BU",
				);
				GCC_PREFIX_HEADER = "${SRCROOT}/MSAdSDK/PrefixHeader.pch";
				LIBRARY_SEARCH_PATHS = (
					"$(inherited)",
					"$(PROJECT_DIR)/MSAdSDK/lib",
					"$(PROJECT_DIR)/MSAdSDK/lib/GDT",
				);
				OTHER_LDFLAGS = "-ObjC";
				PRODUCT_NAME = "$(TARGET_NAME)";
				SKIP_INSTALL = YES;
				TARGETED_DEVICE_FAMILY = "1,2";
			};
			name = Release;
		};
/* End XCBuildConfiguration section */

/* Begin XCConfigurationList section */
		2F57685D22F7D01E001CD77C /* Build configuration list for PBXProject "MSAdSDK" */ = {
			isa = XCConfigurationList;
			buildConfigurations = (
				2F57686922F7D01E001CD77C /* Debug */,
				2F57686A22F7D01E001CD77C /* Release */,
			);
			defaultConfigurationIsVisible = 0;
			defaultConfigurationName = Release;
		};
		2F57686B22F7D01E001CD77C /* Build configuration list for PBXNativeTarget "MSAdSDK" */ = {
			isa = XCConfigurationList;
			buildConfigurations = (
				2F57686C22F7D01E001CD77C /* Debug */,
				2F57686D22F7D01E001CD77C /* Release */,
			);
			defaultConfigurationIsVisible = 0;
			defaultConfigurationName = Release;
		};
/* End XCConfigurationList section */
	};
	rootObject = 2F57685A22F7D01E001CD77C /* Project object */;
}
